<?xml version="1.0" encoding="utf-8"?>
<Project ToolsVersion="4.0" xmlns="http://schemas.microsoft.com/developer/msbuild/2003">
  <ItemGroup>
    <ClCompile Include="..\Vic2ToHoI4\Source\V2toHOI4Converter.cpp">
      <Filter>Vic2ToHoI4 files</Filter>
    </ClCompile>
    <ClCompile Include="Vic2ToHoI4ConverterTests.cpp" />
    <ClCompile Include="..\Vic2ToHoI4\Source\HOI4World\HOI4Version.cpp">
      <Filter>Vic2ToHoI4 files\HoI4</Filter>
    </ClCompile>
    <ClCompile Include="..\Vic2ToHoI4\Source\V2World\World.cpp">
      <Filter>Vic2ToHoI4 files\Vic2</Filter>
    </ClCompile>
    <ClCompile Include="..\common_items\Log.cpp">
      <Filter>Vic2ToHoI4 files\common items</Filter>
    </ClCompile>
    <ClCompile Include="..\common_items\WinUtils.cpp">
      <Filter>Vic2ToHoI4 files\common items</Filter>
    </ClCompile>
    <ClCompile Include="..\Vic2ToHoI4\Source\HOI4World\HoI4World.cpp">
      <Filter>Vic2ToHoI4 files\HoI4</Filter>
    </ClCompile>
    <ClCompile Include="..\Vic2ToHoI4\Source\Configuration.cpp">
      <Filter>Vic2ToHoI4 files</Filter>
    </ClCompile>
    <ClCompile Include="..\common_items\newParser.cpp">
      <Filter>Vic2ToHoI4 files\common items</Filter>
    </ClCompile>
    <ClCompile Include="..\common_items\ParserHelpers.cpp">
      <Filter>Vic2ToHoI4 files\common items</Filter>
    </ClCompile>
    <ClCompile Include="..\Vic2ToHoI4\Source\HOI4World\AIPeace.cpp">
      <Filter>Vic2ToHoI4 files\HoI4</Filter>
    </ClCompile>
    <ClCompile Include="..\Vic2ToHoI4\Source\HOI4World\CoastalProvinces.cpp">
      <Filter>Vic2ToHoI4 files\HoI4</Filter>
    </ClCompile>
    <ClCompile Include="..\Vic2ToHoI4\Source\HOI4World\MapData.cpp">
      <Filter>Vic2ToHoI4 files\HoI4</Filter>
    </ClCompile>
    <ClCompile Include="..\Vic2ToHoI4\Source\HOI4World\Events.cpp">
      <Filter>Vic2ToHoI4 files\HoI4</Filter>
    </ClCompile>
    <ClCompile Include="..\Vic2ToHoI4\Source\HOI4World\AIPeaces.cpp">
      <Filter>Vic2ToHoI4 files\HoI4</Filter>
    </ClCompile>
    <ClCompile Include="..\Vic2ToHoI4\Source\HOI4World\Ideas.cpp">
      <Filter>Vic2ToHoI4 files\HoI4</Filter>
    </ClCompile>
    <ClCompile Include="..\Vic2ToHoI4\Source\HOI4World\OnActions.cpp">
      <Filter>Vic2ToHoI4 files\HoI4</Filter>
    </ClCompile>
    <ClCompile Include="..\Vic2ToHoI4\Source\HOI4World\Event.cpp">
      <Filter>Vic2ToHoI4 files\HoI4</Filter>
    </ClCompile>
    <ClCompile Include="..\Vic2ToHoI4\Source\HOI4World\HoI4Localisation.cpp">
      <Filter>Vic2ToHoI4 files\HoI4</Filter>
    </ClCompile>
    <ClCompile Include="..\Vic2ToHoI4\Source\HOI4World\Names.cpp">
      <Filter>Vic2ToHoI4 files\HoI4</Filter>
    </ClCompile>
    <ClCompile Include="..\Vic2ToHoI4\Source\V2World\Country.cpp">
      <Filter>Vic2ToHoI4 files\Vic2</Filter>
    </ClCompile>
    <ClCompile Include="..\Vic2ToHoI4\Source\Mappers\V2Localisations.cpp">
      <Filter>Vic2ToHoI4 files\Mappers</Filter>
    </ClCompile>
    <ClCompile Include="..\Vic2ToHoI4\Source\Mappers\CountryMapping.cpp">
      <Filter>Vic2ToHoI4 files\Mappers</Filter>
    </ClCompile>
    <ClCompile Include="..\Vic2ToHoI4\Source\HOI4World\ImpassableProvinces.cpp">
      <Filter>Vic2ToHoI4 files\HoI4</Filter>
    </ClCompile>
    <ClCompile Include="..\Vic2ToHoI4\Source\V2World\Province.cpp">
      <Filter>Vic2ToHoI4 files\Vic2</Filter>
    </ClCompile>
    <ClCompile Include="..\Vic2ToHoI4\Source\V2World\State.cpp">
      <Filter>Vic2ToHoI4 files\Vic2</Filter>
    </ClCompile>
    <ClCompile Include="..\Vic2ToHoI4\Source\V2World\StateDefinitions.cpp">
      <Filter>Vic2ToHoI4 files\Vic2</Filter>
    </ClCompile>
    <ClCompile Include="..\Vic2ToHoI4\Source\Mappers\GovernmentMapper.cpp">
      <Filter>Vic2ToHoI4 files\Mappers</Filter>
    </ClCompile>
    <ClCompile Include="..\Vic2ToHoI4\Source\HOI4World\HOI4Ideology.cpp">
      <Filter>Vic2ToHoI4 files\HoI4</Filter>
    </ClCompile>
    <ClCompile Include="..\Vic2ToHoI4\Source\Color.cpp">
      <Filter>Vic2ToHoI4 files</Filter>
    </ClCompile>
    <ClCompile Include="..\Vic2ToHoI4\Source\Mappers\GraphicsMapper.cpp">
      <Filter>Vic2ToHoI4 files\Mappers</Filter>
    </ClCompile>
    <ClCompile Include="..\common_items\Date.cpp">
      <Filter>Vic2ToHoI4 files\common items</Filter>
    </ClCompile>
    <ClCompile Include="..\Vic2ToHoI4\Source\HOI4World\HoI4Agreement.cpp">
      <Filter>Vic2ToHoI4 files\HoI4</Filter>
    </ClCompile>
    <ClCompile Include="..\Vic2ToHoI4\Source\HOI4World\HoI4Buildings.cpp">
      <Filter>Vic2ToHoI4 files\HoI4</Filter>
    </ClCompile>
    <ClCompile Include="..\Vic2ToHoI4\Source\HOI4World\HoI4Country.cpp">
      <Filter>Vic2ToHoI4 files\HoI4</Filter>
    </ClCompile>
    <ClCompile Include="..\Vic2ToHoI4\Source\HOI4World\HoI4FocusTree.cpp">
      <Filter>Vic2ToHoI4 files\HoI4</Filter>
    </ClCompile>
    <ClCompile Include="..\Vic2ToHoI4\Source\HOI4World\HoI4Diplomacy.cpp">
      <Filter>Vic2ToHoI4 files\HoI4</Filter>
    </ClCompile>
    <ClCompile Include="..\Vic2ToHoI4\Source\HOI4World\HoI4StrategicRegion.cpp">
      <Filter>Vic2ToHoI4 files\HoI4</Filter>
    </ClCompile>
    <ClCompile Include="..\Vic2ToHoI4\Source\HOI4World\IdeologicalAdvisors.cpp">
      <Filter>Vic2ToHoI4 files\HoI4</Filter>
    </ClCompile>
    <ClCompile Include="..\Vic2ToHoI4\Source\HOI4World\IdeologyFile.cpp">
      <Filter>Vic2ToHoI4 files\HoI4</Filter>
    </ClCompile>
    <ClCompile Include="..\Vic2ToHoI4\Source\HOI4World\HoI4WarCreator.cpp">
      <Filter>Vic2ToHoI4 files\HoI4</Filter>
    </ClCompile>
    <ClCompile Include="..\Vic2ToHoI4\Source\HOI4World\Resources.cpp">
      <Filter>Vic2ToHoI4 files\HoI4</Filter>
    </ClCompile>
    <ClCompile Include="..\Vic2ToHoI4\Source\HOI4World\SupplyZones.cpp">
      <Filter>Vic2ToHoI4 files\HoI4</Filter>
    </ClCompile>
    <ClCompile Include="..\Vic2ToHoI4\Source\Mappers\TechMapper.cpp">
      <Filter>Vic2ToHoI4 files\Mappers</Filter>
    </ClCompile>
    <ClCompile Include="..\Vic2ToHoI4\Source\HOI4World\HoI4Airforce.cpp">
      <Filter>Vic2ToHoI4 files\HoI4</Filter>
    </ClCompile>
    <ClCompile Include="..\Vic2ToHoI4\Source\HOI4World\DivisionTemplate.cpp">
      <Filter>Vic2ToHoI4 files\HoI4</Filter>
    </ClCompile>
    <ClCompile Include="..\Vic2ToHoI4\Source\HOI4World\HoI4Army.cpp">
      <Filter>Vic2ToHoI4 files\HoI4</Filter>
    </ClCompile>
    <ClCompile Include="..\Vic2ToHoI4\Source\HOI4World\Regiment.cpp">
      <Filter>Vic2ToHoI4 files\HoI4</Filter>
    </ClCompile>
    <ClCompile Include="..\Vic2ToHoI4\Source\HOI4World\Division.cpp">
      <Filter>Vic2ToHoI4 files\HoI4</Filter>
    </ClCompile>
    <ClCompile Include="..\Vic2ToHoI4\Source\HOI4World\HoI4Leader.cpp">
      <Filter>Vic2ToHoI4 files\HoI4</Filter>
    </ClCompile>
    <ClCompile Include="..\Vic2ToHoI4\Source\HOI4World\HoI4Relations.cpp">
      <Filter>Vic2ToHoI4 files\HoI4</Filter>
    </ClCompile>
    <ClCompile Include="..\Vic2ToHoI4\Source\HOI4World\Advisor.cpp">
      <Filter>Vic2ToHoI4 files\HoI4</Filter>
    </ClCompile>
    <ClCompile Include="..\Vic2ToHoI4\Source\HOI4World\HoI4Focus.cpp">
      <Filter>Vic2ToHoI4 files\HoI4</Filter>
    </ClCompile>
    <ClCompile Include="..\Vic2ToHoI4\Source\HOI4World\IdeaGroup.cpp">
      <Filter>Vic2ToHoI4 files\HoI4</Filter>
    </ClCompile>
    <ClCompile Include="..\Vic2ToHoI4\Source\HOI4World\HoI4SupplyZone.cpp">
      <Filter>Vic2ToHoI4 files\HoI4</Filter>
    </ClCompile>
    <ClCompile Include="..\common_items\CommonUtils.cpp">
      <Filter>Vic2ToHoI4 files\common items</Filter>
    </ClCompile>
    <ClCompile Include="..\Vic2ToHoI4\Source\HOI4World\Idea.cpp">
      <Filter>Vic2ToHoI4 files\HoI4</Filter>
    </ClCompile>
    <ClCompile Include="..\Vic2ToHoI4\Source\Flags.cpp">
      <Filter>Vic2ToHoI4 files</Filter>
    </ClCompile>
    <ClCompile Include="..\Vic2ToHoI4\Source\V2World\Army.cpp">
      <Filter>Vic2ToHoI4 files\Vic2</Filter>
    </ClCompile>
    <ClCompile Include="..\Vic2ToHoI4\Source\V2World\Building.cpp">
      <Filter>Vic2ToHoI4 files\Vic2</Filter>
    </ClCompile>
    <ClCompile Include="..\Vic2ToHoI4\Source\V2World\CultureGroups.cpp">
      <Filter>Vic2ToHoI4 files\Vic2</Filter>
    </ClCompile>
    <ClCompile Include="..\Vic2ToHoI4\Source\V2World\Leader.cpp">
      <Filter>Vic2ToHoI4 files\Vic2</Filter>
    </ClCompile>
    <ClCompile Include="..\Vic2ToHoI4\Source\V2World\Pop.cpp">
      <Filter>Vic2ToHoI4 files\Vic2</Filter>
    </ClCompile>
    <ClCompile Include="..\Vic2ToHoI4\Source\V2World\Relations.cpp">
      <Filter>Vic2ToHoI4 files\Vic2</Filter>
    </ClCompile>
    <ClCompile Include="..\Vic2ToHoI4\Source\targa.cpp">
      <Filter>Vic2ToHoI4 files</Filter>
    </ClCompile>
    <ClCompile Include="..\Vic2ToHoI4\Source\V2World\Inventions.cpp">
      <Filter>Vic2ToHoI4 files\Vic2</Filter>
    </ClCompile>
    <ClCompile Include="..\Vic2ToHoI4\Source\V2World\Issues.cpp">
      <Filter>Vic2ToHoI4 files\Vic2</Filter>
    </ClCompile>
    <ClCompile Include="..\Vic2ToHoI4\Source\V2World\CommonCountryData.cpp">
      <Filter>Vic2ToHoI4 files\Vic2</Filter>
    </ClCompile>
    <ClCompile Include="..\Vic2ToHoI4\Source\V2World\Diplomacy.cpp">
      <Filter>Vic2ToHoI4 files\Vic2</Filter>
    </ClCompile>
    <ClCompile Include="..\Vic2ToHoI4\Source\Mappers\MergeRules.cpp">
      <Filter>Vic2ToHoI4 files\Mappers</Filter>
    </ClCompile>
    <ClCompile Include="..\Vic2ToHoI4\Source\V2World\Party.cpp">
      <Filter>Vic2ToHoI4 files\Vic2</Filter>
    </ClCompile>
    <ClCompile Include="..\Vic2ToHoI4\Source\V2World\Agreement.cpp">
      <Filter>Vic2ToHoI4 files\Vic2</Filter>
    </ClCompile>
    <ClCompile Include="Vic2WorldTests\Vic2AgreementTests.cpp">
      <Filter>Vic2WorldTests</Filter>
    </ClCompile>
    <ClCompile Include="..\googletest\googletest\src\gtest_main.cc" />
    <ClCompile Include="..\googletest\googletest\src\gtest-all.cc" />
    <ClCompile Include="HoI4WorldTests\DivisionTemplateTests.cpp">
      <Filter>HoI4WorldTests</Filter>
    </ClCompile>
    <ClCompile Include="HoI4WorldTests\DivisionTests.cpp">
      <Filter>HoI4WorldTests</Filter>
    </ClCompile>
    <ClCompile Include="HoI4WorldTests\HoI4ArmyTests.cpp">
      <Filter>HoI4WorldTests</Filter>
    </ClCompile>
    <ClCompile Include="HoI4WorldTests\RegimentTests.cpp">
      <Filter>HoI4WorldTests</Filter>
    </ClCompile>
    <ClCompile Include="..\Vic2ToHoI4\Source\Mappers\Provinces\ProvinceMapper.cpp">
      <Filter>Vic2ToHoI4 files\Mappers\Provinces</Filter>
    </ClCompile>
    <ClCompile Include="..\Vic2ToHoI4\Source\Mappers\Provinces\ProvinceMapping.cpp">
      <Filter>Vic2ToHoI4 files\Mappers\Provinces</Filter>
    </ClCompile>
    <ClCompile Include="..\Vic2ToHoI4\Source\Mappers\Provinces\VersionedMappings.cpp">
      <Filter>Vic2ToHoI4 files\Mappers\Provinces</Filter>
    </ClCompile>
    <ClCompile Include="..\Vic2ToHoI4\Source\Mappers\ProvinceDefinitions.cpp">
      <Filter>Vic2ToHoI4 files\Mappers</Filter>
    </ClCompile>
    <ClCompile Include="MapperTests\TechMapperTests.cpp">
      <Filter>MapperTests</Filter>
    </ClCompile>
    <ClCompile Include="..\Vic2ToHoI4\Source\HOI4World\MilitaryMappings\AllMilitaryMappings.cpp">
      <Filter>Vic2ToHoI4 files\HoI4\MilitaryMappings</Filter>
    </ClCompile>
    <ClCompile Include="..\Vic2ToHoI4\Source\HOI4World\MilitaryMappings\MilitaryMappings.cpp">
      <Filter>Vic2ToHoI4 files\HoI4\MilitaryMappings</Filter>
    </ClCompile>
    <ClCompile Include="..\Vic2ToHoI4\Source\HOI4World\Technologies.cpp">
      <Filter>Vic2ToHoI4 files\HoI4</Filter>
    </ClCompile>
    <ClCompile Include="HoI4WorldTests\TechnologiesTests.cpp">
      <Filter>HoI4WorldTests</Filter>
    </ClCompile>
    <ClCompile Include="Mocks\TechnologiesMock.h">
      <Filter>Mocks</Filter>
    </ClCompile>
    <ClCompile Include="..\googletest\googlemock\src\gmock-all.cc" />
    <ClCompile Include="..\Vic2ToHoI4\Source\HOI4World\ShipTypes\PossibleShipVariants.cpp">
      <Filter>Vic2ToHoI4 files\HoI4\ShipTypes</Filter>
    </ClCompile>
    <ClCompile Include="..\Vic2ToHoI4\Source\HOI4World\ShipTypes\ShipModules.cpp">
      <Filter>Vic2ToHoI4 files\HoI4\ShipTypes</Filter>
    </ClCompile>
    <ClCompile Include="..\Vic2ToHoI4\Source\HOI4World\ShipTypes\ShipVariant.cpp">
      <Filter>Vic2ToHoI4 files\HoI4\ShipTypes</Filter>
    </ClCompile>
    <ClCompile Include="..\Vic2ToHoI4\Source\HOI4World\ShipTypes\ShipVariants.cpp">
      <Filter>Vic2ToHoI4 files\HoI4\ShipTypes</Filter>
    </ClCompile>
    <ClCompile Include="..\Vic2ToHoI4\Source\HOI4World\Navies\Navies.cpp">
      <Filter>Vic2ToHoI4 files\HoI4\Navies</Filter>
    </ClCompile>
    <ClCompile Include="..\Vic2ToHoI4\Source\HOI4World\MilitaryMappings\UnitMapping.cpp">
      <Filter>Vic2ToHoI4 files\HoI4\MilitaryMappings</Filter>
    </ClCompile>
    <ClCompile Include="..\Vic2ToHoI4\Source\HOI4World\MilitaryMappings\UnitMappings.cpp">
      <Filter>Vic2ToHoI4 files\HoI4\MilitaryMappings</Filter>
    </ClCompile>
    <ClCompile Include="..\Vic2ToHoI4\Source\HOI4World\MilitaryMappings\HoI4UnitType.cpp">
      <Filter>Vic2ToHoI4 files\HoI4\MilitaryMappings</Filter>
    </ClCompile>
    <ClCompile Include="..\Vic2ToHoI4\Source\HOI4World\MilitaryMappings\MtgUnitMappings.cpp">
      <Filter>Vic2ToHoI4 files\HoI4\MilitaryMappings</Filter>
    </ClCompile>
    <ClCompile Include="..\Vic2ToHoI4\Source\HOI4World\MilitaryMappings\MtgUnitMapping.cpp">
      <Filter>Vic2ToHoI4 files\HoI4\MilitaryMappings</Filter>
    </ClCompile>
    <ClCompile Include="..\Vic2ToHoI4\Source\HOI4World\Decisions\Decision.cpp">
      <Filter>Vic2ToHoI4 files\HoI4\Decisions</Filter>
    </ClCompile>
    <ClCompile Include="..\Vic2ToHoI4\Source\HOI4World\Decisions\Decisions.cpp">
      <Filter>Vic2ToHoI4 files\HoI4\Decisions</Filter>
    </ClCompile>
    <ClCompile Include="..\Vic2ToHoI4\Source\HOI4World\Decisions\DecisionsCategory.cpp">
      <Filter>Vic2ToHoI4 files\HoI4\Decisions</Filter>
    </ClCompile>
    <ClCompile Include="..\Vic2ToHoI4\Source\HOI4World\Decisions\IdeologicalDecisions.cpp">
      <Filter>Vic2ToHoI4 files\HoI4\Decisions</Filter>
    </ClCompile>
    <ClCompile Include="..\Vic2ToHoI4\Source\Mappers\FlagsToIdeas\FlagToIdeaMapping.cpp">
      <Filter>Vic2ToHoI4 files\Mappers\FlagsToIdeas</Filter>
    </ClCompile>
    <ClCompile Include="MapperTests\FlagToIdeaMappingTests.cpp">
      <Filter>MapperTests</Filter>
    </ClCompile>
    <ClCompile Include="MapperTests\FlagsToIdeasMapperTests.cpp">
      <Filter>MapperTests</Filter>
    </ClCompile>
    <ClCompile Include="..\Vic2ToHoI4\Source\Mappers\FlagsToIdeas\FlagsToIdeasMapper.cpp">
      <Filter>Vic2ToHoI4 files\Mappers\FlagsToIdeas</Filter>
    </ClCompile>
    <ClCompile Include="..\Vic2ToHoI4\Source\V2World\Wars\War.cpp">
      <Filter>Vic2ToHoI4 files\Vic2\Wars</Filter>
    </ClCompile>
    <ClCompile Include="Vic2WorldTests\WarTests.cpp">
      <Filter>Vic2WorldTests</Filter>
    </ClCompile>
    <ClCompile Include="..\Vic2ToHoI4\Source\V2World\Wars\WarGoal.cpp">
      <Filter>Vic2ToHoI4 files\Vic2\Wars</Filter>
    </ClCompile>
    <ClCompile Include="..\Vic2ToHoI4\Source\HOI4World\HoI4War.cpp">
      <Filter>Vic2ToHoI4 files\HoI4</Filter>
    </ClCompile>
    <ClCompile Include="HoI4WorldTests\HoI4WarTests.cpp">
      <Filter>HoI4WorldTests</Filter>
    </ClCompile>
    <ClCompile Include="Mocks\CountryMapperMock.h">
      <Filter>Mocks</Filter>
    </ClCompile>
    <ClCompile Include="Vic2WorldTests\WarGoalTests.cpp">
      <Filter>Vic2WorldTests</Filter>
    </ClCompile>
    <ClCompile Include="Vic2WorldTests\ProvinceTests.cpp">
      <Filter>Vic2WorldTests</Filter>
    </ClCompile>
    <ClCompile Include="..\Vic2ToHoI4\Source\HOI4World\States\HoI4State.cpp">
      <Filter>Vic2ToHoI4 files\HoI4\States</Filter>
    </ClCompile>
    <ClCompile Include="..\Vic2ToHoI4\Source\HOI4World\States\HoI4States.cpp">
      <Filter>Vic2ToHoI4 files\HoI4\States</Filter>
    </ClCompile>
    <ClCompile Include="..\Vic2ToHoI4\Source\HOI4World\States\StateCategories.cpp">
      <Filter>Vic2ToHoI4 files\HoI4\States</Filter>
    </ClCompile>
    <ClCompile Include="..\Vic2ToHoI4\Source\HOI4World\States\DockyardProvince.cpp">
      <Filter>Vic2ToHoI4 files\HoI4\States</Filter>
    </ClCompile>
    <ClCompile Include="..\Vic2ToHoI4\Source\HOI4World\States\StateBuildings.cpp">
      <Filter>Vic2ToHoI4 files\HoI4\States</Filter>
    </ClCompile>
    <ClCompile Include="..\Vic2ToHoI4\Source\HOI4World\States\StateHistory.cpp">
      <Filter>Vic2ToHoI4 files\HoI4\States</Filter>
    </ClCompile>
    <ClCompile Include="..\Vic2ToHoI4\Source\HOI4World\States\StateCategory.cpp">
      <Filter>Vic2ToHoI4 files\HoI4\States</Filter>
    </ClCompile>
    <ClCompile Include="..\Vic2ToHoI4\Source\HOI4World\States\StateCategoryFile.cpp">
      <Filter>Vic2ToHoI4 files\HoI4\States</Filter>
    </ClCompile>
    <ClCompile Include="..\Vic2ToHoI4\Source\HOI4World\States\DefaultState.cpp">
      <Filter>Vic2ToHoI4 files\HoI4\States</Filter>
    </ClCompile>
    <ClCompile Include="Mocks\Vic2StateMock.h">
      <Filter>Mocks</Filter>
    </ClCompile>
    <ClCompile Include="..\Vic2ToHoI4\Source\Hoi4Outputter\Hoi4CountryOutputter.cpp">
      <Filter>Vic2ToHoI4 files\Hoi4Outputter</Filter>
    </ClCompile>
    <ClCompile Include="HoI4WorldTests\Hoi4CountryTests.cpp">
      <Filter>HoI4WorldTests</Filter>
    </ClCompile>
    <ClCompile Include="..\Vic2ToHoI4\Source\HOI4World\MilitaryMappings\MilitaryMappingsFile.cpp">
      <Filter>Vic2ToHoI4 files\HoI4\MilitaryMappings</Filter>
    </ClCompile>
    <ClCompile Include="..\Vic2ToHoI4\Source\HOI4World\MilitaryMappings\DivisionTemplatesImporter.cpp">
      <Filter>Vic2ToHoI4 files\HoI4\MilitaryMappings</Filter>
    </ClCompile>
    <ClCompile Include="..\Vic2ToHoI4\Source\HOI4World\MilitaryMappings\SubstitutesImporter.cpp">
      <Filter>Vic2ToHoI4 files\HoI4\MilitaryMappings</Filter>
    </ClCompile>
    <ClCompile Include="..\Vic2ToHoI4\Source\Hoi4Outputter\Decisions\DecisionOutputter.cpp">
      <Filter>Vic2ToHoI4 files\Hoi4Outputter\Decisions</Filter>
    </ClCompile>
    <ClCompile Include="..\Vic2ToHoI4\Source\Hoi4Outputter\Decisions\DecisionsCategoryOutputter.cpp">
      <Filter>Vic2ToHoI4 files\Hoi4Outputter\Decisions</Filter>
    </ClCompile>
    <ClCompile Include="..\Vic2ToHoI4\Source\Hoi4Outputter\Decisions\DecisionsCategoriesOutputter.cpp">
      <Filter>Vic2ToHoI4 files\Hoi4Outputter\Decisions</Filter>
    </ClCompile>
    <ClCompile Include="..\Vic2ToHoI4\Source\Hoi4Outputter\Decisions\DecisionsOutputter.cpp">
      <Filter>Vic2ToHoI4 files\Hoi4Outputter\Decisions</Filter>
    </ClCompile>
    <ClCompile Include="..\Vic2ToHoI4\Source\Hoi4Outputter\Navies\LegacyNavyOutputter.cpp">
      <Filter>Vic2ToHoI4 files\Hoi4Outputter\Navies</Filter>
    </ClCompile>
    <ClCompile Include="..\Vic2ToHoI4\Source\Hoi4Outputter\Navies\LegacyShipOutputter.cpp">
      <Filter>Vic2ToHoI4 files\Hoi4Outputter\Navies</Filter>
    </ClCompile>
    <ClCompile Include="..\Vic2ToHoI4\Source\Hoi4Outputter\Navies\MtgShipOutputter.cpp">
      <Filter>Vic2ToHoI4 files\Hoi4Outputter\Navies</Filter>
    </ClCompile>
    <ClCompile Include="..\Vic2ToHoI4\Source\Hoi4Outputter\Navies\MtgNavyOutputter.cpp">
      <Filter>Vic2ToHoI4 files\Hoi4Outputter\Navies</Filter>
    </ClCompile>
    <ClCompile Include="..\Vic2ToHoI4\Source\Hoi4Outputter\Navies\NaviesOutputter.cpp">
      <Filter>Vic2ToHoI4 files\Hoi4Outputter\Navies</Filter>
    </ClCompile>
    <ClCompile Include="HoI4WorldTests\Decisions\DecisionsCategoryTests.cpp">
      <Filter>HoI4WorldTests\Decisions</Filter>
    </ClCompile>
    <ClCompile Include="HoI4WorldTests\Decisions\DecisionTests.cpp">
      <Filter>HoI4WorldTests\Decisions</Filter>
    </ClCompile>
    <ClCompile Include="HoI4WorldTests\Decisions\IdeologicalDecisionsTests.cpp">
      <Filter>HoI4WorldTests\Decisions</Filter>
    </ClCompile>
    <ClCompile Include="HoI4WorldTests\MilitaryMappings\AllMilitaryMappingsTests.cpp">
      <Filter>HoI4WorldTests\MilitaryMappings</Filter>
    </ClCompile>
    <ClCompile Include="HoI4WorldTests\MilitaryMappings\HoI4UnitTypeTests.cpp">
      <Filter>HoI4WorldTests\MilitaryMappings</Filter>
    </ClCompile>
    <ClCompile Include="HoI4WorldTests\MilitaryMappings\MilitaryMappingTests.cpp">
      <Filter>HoI4WorldTests\MilitaryMappings</Filter>
    </ClCompile>
    <ClCompile Include="HoI4WorldTests\MilitaryMappings\MtgUnitMappingsTests.cpp">
      <Filter>HoI4WorldTests\MilitaryMappings</Filter>
    </ClCompile>
    <ClCompile Include="HoI4WorldTests\MilitaryMappings\MtgUnitMappingTests.cpp">
      <Filter>HoI4WorldTests\MilitaryMappings</Filter>
    </ClCompile>
    <ClCompile Include="HoI4WorldTests\MilitaryMappings\UnitMappingsTests.cpp">
      <Filter>HoI4WorldTests\MilitaryMappings</Filter>
    </ClCompile>
    <ClCompile Include="HoI4WorldTests\MilitaryMappings\UnitMappingTests.cpp">
      <Filter>HoI4WorldTests\MilitaryMappings</Filter>
    </ClCompile>
    <ClCompile Include="HoI4WorldTests\Navies\LegacyNavyTests.cpp">
      <Filter>HoI4WorldTests\Navies</Filter>
    </ClCompile>
    <ClCompile Include="HoI4WorldTests\Navies\LegacyShipTests.cpp">
      <Filter>HoI4WorldTests\Navies</Filter>
    </ClCompile>
    <ClCompile Include="HoI4WorldTests\Navies\MtgNavyTests.cpp">
      <Filter>HoI4WorldTests\Navies</Filter>
    </ClCompile>
    <ClCompile Include="HoI4WorldTests\Navies\MtgShipTests.cpp">
      <Filter>HoI4WorldTests\Navies</Filter>
    </ClCompile>
    <ClCompile Include="HoI4WorldTests\Navies\NaviesTests.cpp">
      <Filter>HoI4WorldTests\Navies</Filter>
    </ClCompile>
    <ClCompile Include="HoI4WorldTests\ShipTypes\PossibleShipVariantTests.cpp">
      <Filter>HoI4WorldTests\ShipTypes</Filter>
    </ClCompile>
    <ClCompile Include="HoI4WorldTests\ShipTypes\ShipModulesTests.cpp">
      <Filter>HoI4WorldTests\ShipTypes</Filter>
    </ClCompile>
    <ClCompile Include="HoI4WorldTests\ShipTypes\ShipVariantsTests.cpp">
      <Filter>HoI4WorldTests\ShipTypes</Filter>
    </ClCompile>
    <ClCompile Include="HoI4WorldTests\ShipTypes\ShipVariantTests.cpp">
      <Filter>HoI4WorldTests\ShipTypes</Filter>
    </ClCompile>
    <ClCompile Include="HoI4WorldTests\States\DefaultStateTests.cpp">
      <Filter>HoI4WorldTests\States</Filter>
    </ClCompile>
    <ClCompile Include="HoI4WorldTests\States\DockyardProvinceTests.cpp">
      <Filter>HoI4WorldTests\States</Filter>
    </ClCompile>
    <ClCompile Include="HoI4WorldTests\States\HoI4StateTests.cpp">
      <Filter>HoI4WorldTests\States</Filter>
    </ClCompile>
    <ClCompile Include="HoI4WorldTests\States\StateBuildingsTests.cpp">
      <Filter>HoI4WorldTests\States</Filter>
    </ClCompile>
    <ClCompile Include="HoI4WorldTests\States\StateCategoriesTests.cpp">
      <Filter>HoI4WorldTests\States</Filter>
    </ClCompile>
    <ClCompile Include="HoI4WorldTests\States\StateCategoryTests.cpp">
      <Filter>HoI4WorldTests\States</Filter>
    </ClCompile>
    <ClCompile Include="HoI4WorldTests\States\StateCategoryFileTests.cpp">
      <Filter>HoI4WorldTests\States</Filter>
    </ClCompile>
    <ClCompile Include="HoI4WorldTests\States\StateHistoryTests.cpp">
      <Filter>HoI4WorldTests\States</Filter>
    </ClCompile>
    <ClCompile Include="..\Vic2ToHoI4\Source\Hoi4Outputter\ScriptedLocalisations\ScriptedLocalisationsOutputter.cpp">
      <Filter>Vic2ToHoI4 files\Hoi4Outputter\ScriptedLocalisations</Filter>
    </ClCompile>
    <ClCompile Include="..\Vic2ToHoI4\Source\HOI4World\ScriptedLocalisations\ScriptedLocalisations.cpp">
      <Filter>Vic2ToHoI4 files\HoI4\ScriptedLocalisations</Filter>
    </ClCompile>
    <ClCompile Include="..\Vic2ToHoI4\Source\Hoi4Outputter\ScriptedLocalisations\ScriptedLocalisationOutputter.cpp">
      <Filter>Vic2ToHoI4 files\Hoi4Outputter\ScriptedLocalisations</Filter>
    </ClCompile>
    <ClCompile Include="..\Vic2ToHoI4\Source\HOI4World\Navies\MtgNavy.cpp">
      <Filter>Vic2ToHoI4 files\HoI4\Navies</Filter>
    </ClCompile>
    <ClCompile Include="..\Vic2ToHoI4\Source\HOI4World\Navies\MtgShip.cpp">
      <Filter>Vic2ToHoI4 files\HoI4\Navies</Filter>
    </ClCompile>
    <ClCompile Include="HoI4WorldTests\ScriptedLocalisations\ScriptedLocalisationTests.cpp">
      <Filter>HoI4WorldTests\ScriptedLocalisations</Filter>
    </ClCompile>
    <ClCompile Include="HoI4WorldTests\ScriptedLocalisations\ScriptedLocalisationsTests.cpp">
      <Filter>HoI4WorldTests\ScriptedLocalisations</Filter>
    </ClCompile>
    <ClCompile Include="..\Vic2ToHoI4\Source\Hoi4Outputter\ShipTypes\ShipModulesOutputter.cpp">
      <Filter>Vic2ToHoI4 files\Hoi4Outputter\ShipTypes</Filter>
    </ClCompile>
    <ClCompile Include="..\Vic2ToHoI4\Source\Hoi4Outputter\ShipTypes\ShipVariantOutputter.cpp">
      <Filter>Vic2ToHoI4 files\Hoi4Outputter\ShipTypes</Filter>
    </ClCompile>
    <ClCompile Include="..\Vic2ToHoI4\Source\Hoi4Outputter\ShipTypes\ShipVariantsOutputter.cpp">
      <Filter>Vic2ToHoI4 files\Hoi4Outputter\ShipTypes</Filter>
    </ClCompile>
    <ClCompile Include="..\Vic2ToHoI4\Source\Hoi4Outputter\States\HoI4StateOutputter.cpp">
      <Filter>Vic2ToHoI4 files\Hoi4Outputter\States</Filter>
    </ClCompile>
    <ClCompile Include="..\Vic2ToHoI4\Source\Hoi4Outputter\States\HoI4StatesOutputter.cpp">
      <Filter>Vic2ToHoI4 files\Hoi4Outputter\States</Filter>
    </ClCompile>
    <ClCompile Include="..\Vic2ToHoI4\Source\HOI4World\Decisions\StabilityWarSupportDecisions.cpp">
      <Filter>Vic2ToHoI4 files\HoI4\Decisions</Filter>
    </ClCompile>
    <ClCompile Include="..\Vic2ToHoI4\Source\HOI4World\Decisions\DecisionsFile.cpp">
      <Filter>Vic2ToHoI4 files\HoI4\Decisions</Filter>
    </ClCompile>
    <ClCompile Include="..\Vic2ToHoI4\Source\HOI4World\Decisions\PoliticalDecisions.cpp">
      <Filter>Vic2ToHoI4 files\HoI4\Decisions</Filter>
    </ClCompile>
    <ClCompile Include="..\Vic2ToHoI4\Source\HOI4World\Decisions\ExiledGovernmentsDecisions.cpp">
      <Filter>Vic2ToHoI4 files\HoI4\Decisions</Filter>
    </ClCompile>
    <ClCompile Include="..\Vic2ToHoI4\Source\HOI4World\Decisions\ForeignInfluenceDecisions.cpp">
      <Filter>Vic2ToHoI4 files\HoI4\Decisions</Filter>
    </ClCompile>
    <ClCompile Include="..\Vic2ToHoI4\Source\HOI4World\Decisions\NavalTreatyDecisions.cpp">
      <Filter>Vic2ToHoI4 files\HoI4\Decisions</Filter>
    </ClCompile>
    <ClCompile Include="..\Vic2ToHoI4\Source\HOI4World\Decisions\GenericDecisions.cpp">
      <Filter>Vic2ToHoI4 files\HoI4\Decisions</Filter>
    </ClCompile>
  </ItemGroup>
  <ItemGroup>
    <Filter Include="Vic2ToHoI4 files">
      <UniqueIdentifier>{756ae4ca-ff56-40b0-8de0-ff4c73f19b4f}</UniqueIdentifier>
    </Filter>
    <Filter Include="Vic2ToHoI4 files\common items">
      <UniqueIdentifier>{a1c0000c-49d2-481a-bb0b-5a2853eb94a3}</UniqueIdentifier>
    </Filter>
    <Filter Include="Vic2ToHoI4 files\Vic2">
      <UniqueIdentifier>{6bac7a05-ccf3-45c7-a61b-1793275a4494}</UniqueIdentifier>
    </Filter>
    <Filter Include="Vic2ToHoI4 files\HoI4">
      <UniqueIdentifier>{7523283b-a5a3-43f6-b4fe-56840af5db68}</UniqueIdentifier>
    </Filter>
    <Filter Include="Vic2ToHoI4 files\Mappers">
      <UniqueIdentifier>{e30737e2-c2c7-4cf8-b4e6-636096b3d243}</UniqueIdentifier>
    </Filter>
    <Filter Include="HoI4WorldTests">
      <UniqueIdentifier>{08995b5a-4f3b-44d2-934b-608bacde268a}</UniqueIdentifier>
    </Filter>
    <Filter Include="Vic2WorldTests">
      <UniqueIdentifier>{2a1ee139-22ae-41dc-ad66-4f25c8d0b046}</UniqueIdentifier>
    </Filter>
    <Filter Include="Vic2ToHoI4 files\Mappers\Provinces">
      <UniqueIdentifier>{2875d00b-6935-41d2-84c2-f292d2455639}</UniqueIdentifier>
    </Filter>
    <Filter Include="MapperTests">
      <UniqueIdentifier>{91e9e1ce-2a27-4b76-abe6-78c4ff1eb911}</UniqueIdentifier>
    </Filter>
    <Filter Include="Vic2ToHoI4 files\HoI4\MilitaryMappings">
      <UniqueIdentifier>{aeee018a-bb82-4a8c-836c-891aaece63c5}</UniqueIdentifier>
    </Filter>
    <Filter Include="Mocks">
      <UniqueIdentifier>{3023e5d0-204d-43df-874e-1d4e3fb02ffa}</UniqueIdentifier>
    </Filter>
    <Filter Include="Vic2ToHoI4 files\HoI4\ShipTypes">
      <UniqueIdentifier>{56a3f8a7-5526-4e30-a05a-9dd54abc6100}</UniqueIdentifier>
    </Filter>
    <Filter Include="Vic2ToHoI4 files\HoI4\Navies">
      <UniqueIdentifier>{9c36c80e-e774-49e8-87c6-0ba5c32dbb8f}</UniqueIdentifier>
    </Filter>
    <Filter Include="Vic2ToHoI4 files\HoI4\Decisions">
      <UniqueIdentifier>{c0b754b1-91b1-4d98-86f3-b85b17e16e95}</UniqueIdentifier>
    </Filter>
    <Filter Include="Vic2ToHoI4 files\Mappers\FlagsToIdeas">
      <UniqueIdentifier>{37063ac5-594a-4948-9c5c-2c17277697ab}</UniqueIdentifier>
    </Filter>
    <Filter Include="Vic2ToHoI4 files\Vic2\Wars">
      <UniqueIdentifier>{5a89076d-8356-4cec-b27c-fb7a29f9b39b}</UniqueIdentifier>
    </Filter>
    <Filter Include="Vic2ToHoI4 files\HoI4\States">
      <UniqueIdentifier>{25fa4931-200a-4006-91b0-965a66c7fa25}</UniqueIdentifier>
    </Filter>
    <Filter Include="Vic2ToHoI4 files\Hoi4Outputter">
      <UniqueIdentifier>{dda4426a-5184-48ef-91a3-66ee0746d4c4}</UniqueIdentifier>
    </Filter>
    <Filter Include="Vic2ToHoI4 files\Hoi4Outputter\Decisions">
      <UniqueIdentifier>{e6230754-cb95-4f0f-b5ba-d0403ab31ecc}</UniqueIdentifier>
    </Filter>
    <Filter Include="Vic2ToHoI4 files\Hoi4Outputter\Navies">
      <UniqueIdentifier>{57176155-a8f4-40d2-9f58-2ffeaa57dcb4}</UniqueIdentifier>
    </Filter>
    <Filter Include="HoI4WorldTests\Decisions">
      <UniqueIdentifier>{6c30ff4f-33f5-4956-ac67-5750f0242685}</UniqueIdentifier>
    </Filter>
    <Filter Include="HoI4WorldTests\MilitaryMappings">
      <UniqueIdentifier>{5e433971-93e8-41d4-af5f-b059bf2d75de}</UniqueIdentifier>
    </Filter>
    <Filter Include="HoI4WorldTests\Navies">
      <UniqueIdentifier>{6e7a3829-66a6-41e8-b86d-0e7de889c974}</UniqueIdentifier>
    </Filter>
    <Filter Include="HoI4WorldTests\ShipTypes">
      <UniqueIdentifier>{2e0abc33-805c-4ae9-9968-0e02edb0c37a}</UniqueIdentifier>
    </Filter>
    <Filter Include="HoI4WorldTests\States">
      <UniqueIdentifier>{c10e58fb-ad11-413c-965f-7c114e869836}</UniqueIdentifier>
    </Filter>
    <Filter Include="Vic2ToHoI4 files\Hoi4Outputter\ScriptedLocalisations">
      <UniqueIdentifier>{8a103c1a-6fa4-49eb-bf2d-e69090e1aa91}</UniqueIdentifier>
    </Filter>
    <Filter Include="Vic2ToHoI4 files\HoI4\ScriptedLocalisations">
      <UniqueIdentifier>{9dfaf1cb-e2d9-4428-baea-9a996c8e5840}</UniqueIdentifier>
    </Filter>
    <Filter Include="HoI4WorldTests\ScriptedLocalisations">
      <UniqueIdentifier>{5b01e8cb-be3d-4905-9b6a-7e7de7f4007f}</UniqueIdentifier>
    </Filter>
    <Filter Include="Vic2ToHoI4 files\Hoi4Outputter\ShipTypes">
      <UniqueIdentifier>{e537248d-9d51-4dd4-b9f3-b3dfd4add998}</UniqueIdentifier>
    </Filter>
    <Filter Include="Vic2ToHoI4 files\Hoi4Outputter\States">
      <UniqueIdentifier>{a5590f90-a463-43dc-8490-47e4b191d7d4}</UniqueIdentifier>
    </Filter>
  </ItemGroup>
  <ItemGroup>
    <None Include="packages.config" />
  </ItemGroup>
  <ItemGroup>
    <ClInclude Include="Mocks\EventsMock.h">
      <Filter>Mocks</Filter>
    </ClInclude>
    <ClInclude Include="Mocks\StateCategoriesMock.h">
      <Filter>Mocks</Filter>
    </ClInclude>
    <ClInclude Include="Mocks\ProvinceMapperMock.h">
      <Filter>Mocks</Filter>
    </ClInclude>
    <ClInclude Include="Mocks\NamesMapperMock.h">
      <Filter>Mocks</Filter>
    </ClInclude>
    <ClInclude Include="Mocks\GraphicsMapperMock.h">
      <Filter>Mocks</Filter>
    </ClInclude>
    <ClInclude Include="Mocks\Vic2CountryMock.h">
      <Filter>Mocks</Filter>
    </ClInclude>
    <ClInclude Include="Mocks\Hoi4StateMock.h">
      <Filter>Mocks</Filter>
    </ClInclude>
    <ClInclude Include="Mocks\Vic2WorldMock.h">
      <Filter>Mocks</Filter>
    </ClInclude>
    <ClInclude Include="Mocks\GovermentMapperMock.h">
      <Filter>Mocks</Filter>
    </ClInclude>
  </ItemGroup>
</Project>