<?xml version="1.0" encoding="utf-8"?>
<Project ToolsVersion="4.0" xmlns="http://schemas.microsoft.com/developer/msbuild/2003">
  <ItemGroup>
    <ClCompile Include="src\HOI4World\Characters\AdmiralDataTests.cpp">
      <Filter>src\HOI4World\Characters</Filter>
    </ClCompile>
    <ClCompile Include="src\HOI4World\Characters\AdvisorDataTests.cpp">
      <Filter>src\HOI4World\Characters</Filter>
    </ClCompile>
    <ClCompile Include="src\HOI4World\Characters\CharacterFactoryTests.cpp">
      <Filter>src\HOI4World\Characters</Filter>
    </ClCompile>
    <ClCompile Include="src\HOI4World\Characters\CharactersCountryFactoryTests.cpp">
      <Filter>src\HOI4World\Characters</Filter>
    </ClCompile>
    <ClCompile Include="src\HOI4World\Characters\CharactersFactoryTests.cpp">
      <Filter>src\HOI4World\Characters</Filter>
    </ClCompile>
    <ClCompile Include="src\HOI4World\Characters\CommanderDataTests.cpp">
      <Filter>src\HOI4World\Characters</Filter>
    </ClCompile>
    <ClCompile Include="src\HOI4World\Characters\CountryLeaderDataTests.cpp">
      <Filter>src\HOI4World\Characters</Filter>
    </ClCompile>
    <ClCompile Include="src\HOI4World\Characters\PortraitsFactoryTests.cpp">
      <Filter>src\HOI4World\Characters</Filter>
    </ClCompile>
    <ClCompile Include="src\HOI4World\Characters\PortraitTypeFactoryTests.cpp">
      <Filter>src\HOI4World\Characters</Filter>
    </ClCompile>
    <ClCompile Include="src\HOI4World\CountryCategories\CountryCategoriesTests.cpp">
      <Filter>src\HOI4World\CountryCategories</Filter>
    </ClCompile>
    <ClCompile Include="src\HOI4World\CountryCategories\CountryGrammarRuleTests.cpp">
      <Filter>src\HOI4World\CountryCategories</Filter>
    </ClCompile>
    <ClCompile Include="src\HOI4World\CountryCategories\CountryGrammarTests.cpp">
      <Filter>src\HOI4World\CountryCategories</Filter>
    </ClCompile>
    <ClCompile Include="src\HOI4World\Decisions\DecisionsCategoriesTests.cpp">
      <Filter>src\HOI4World\Decisions</Filter>
    </ClCompile>
    <ClCompile Include="src\HOI4World\Decisions\DecisionsCategoryTests.cpp">
      <Filter>src\HOI4World\Decisions</Filter>
    </ClCompile>
    <ClCompile Include="src\HOI4World\Decisions\DecisionsInCategoryTests.cpp">
      <Filter>src\HOI4World\Decisions</Filter>
    </ClCompile>
    <ClCompile Include="src\HOI4World\Decisions\DecisionTests.cpp">
      <Filter>src\HOI4World\Decisions</Filter>
    </ClCompile>
    <ClCompile Include="src\HOI4World\Decisions\IdeologicalDecisionsTests.cpp">
      <Filter>src\HOI4World\Decisions</Filter>
    </ClCompile>
    <ClCompile Include="src\HOI4World\Diplomacy\Hoi4RelationsTests.cpp">
      <Filter>src\HOI4World\Diplomacy</Filter>
    </ClCompile>
    <ClCompile Include="src\HOI4World\Diplomacy\Hoi4WarTests.cpp">
      <Filter>src\HOI4World\Diplomacy</Filter>
    </ClCompile>
    <ClCompile Include="src\HOI4World\Events\EventOptionTests.cpp">
      <Filter>src\HOI4World\Events</Filter>
    </ClCompile>
    <ClCompile Include="src\HOI4World\Events\EventsFileTests.cpp">
      <Filter>src\HOI4World\Events</Filter>
    </ClCompile>
    <ClCompile Include="src\HOI4World\Events\EventTests.cpp">
      <Filter>src\HOI4World\Events</Filter>
    </ClCompile>
    <ClCompile Include="src\HOI4World\Factions\FactionGoalTests.cpp">
      <Filter>src\HOI4World\Factions</Filter>
    </ClCompile>
    <ClCompile Include="src\HOI4World\Factions\FactionGoalsTests.cpp">
      <Filter>src\HOI4World\Factions</Filter>
    </ClCompile>
    <ClCompile Include="src\HOI4World\FocusTrees\AdjustedBranchTests.cpp">
      <Filter>src\HOI4World\FocusTrees</Filter>
    </ClCompile>
    <ClCompile Include="src\HOI4World\GameRules\GameRuleOptionTests.cpp">
      <Filter>src\HOI4World\GameRules</Filter>
    </ClCompile>
    <ClCompile Include="src\HOI4World\GameRules\GameRulesTests.cpp">
      <Filter>src\HOI4World\GameRules</Filter>
    </ClCompile>
    <ClCompile Include="src\HOI4World\GameRules\GameRuleTests.cpp">
      <Filter>src\HOI4World\GameRules</Filter>
    </ClCompile>
    <ClCompile Include="src\HOI4World\HoI4CountryTests.cpp">
      <Filter>src\HOI4World</Filter>
    </ClCompile>
    <ClCompile Include="src\HOI4World\Ideas\IdeaGroupTests.cpp">
      <Filter>src\HOI4World\Ideas</Filter>
    </ClCompile>
    <ClCompile Include="src\HOI4World\Ideas\IdeaTests.cpp">
      <Filter>src\HOI4World\Ideas</Filter>
    </ClCompile>
    <ClCompile Include="src\HOI4World\Ideologies\IdeologyFileTests.cpp">
      <Filter>src\HOI4World\Ideologies</Filter>
    </ClCompile>
    <ClCompile Include="src\HOI4World\Ideologies\IdeologyItemsTests.cpp">
      <Filter>src\HOI4World\Ideologies</Filter>
    </ClCompile>
    <ClCompile Include="src\HOI4World\Ideologies\IdeologyTests.cpp">
      <Filter>src\HOI4World\Ideologies</Filter>
    </ClCompile>
    <ClCompile Include="src\HOI4World\IntelligenceAgencies\IntelligenceAgencyLogoMappingTests.cpp">
      <Filter>src\HOI4World\IntelligenceAgencies</Filter>
    </ClCompile>
    <ClCompile Include="src\HOI4World\IntelligenceAgencies\IntelligenceAgencyLogosTests.cpp">
      <Filter>src\HOI4World\IntelligenceAgencies</Filter>
    </ClCompile>
    <ClCompile Include="src\HOI4World\Landmarks\LandmarkBuildingsTests.cpp">
      <Filter>src\HOI4World\Landmarks</Filter>
    </ClCompile>
    <ClCompile Include="src\HOI4World\Localisations\ArticleRules\ArticleRulesDefinitionTests.cpp">
      <Filter>src\HOI4World\Localisations\ArticleRules</Filter>
    </ClCompile>
    <ClCompile Include="src\HOI4World\Localisations\ArticleRules\ArticleRulesFactoryTests.cpp">
      <Filter>src\HOI4World\Localisations\ArticleRules</Filter>
    </ClCompile>
    <ClCompile Include="src\HOI4World\Localisations\ArticleRules\ArticleRulesTests.cpp">
      <Filter>src\HOI4World\Localisations\ArticleRules</Filter>
    </ClCompile>
    <ClCompile Include="src\HOI4World\Localisations\ArticleRules\ArticleRuleTests.cpp">
      <Filter>src\HOI4World\Localisations\ArticleRules</Filter>
    </ClCompile>
    <ClCompile Include="src\HOI4World\Localisations\AllReplacementRulesTests.cpp">
      <Filter>src\HOI4World\Localisations</Filter>
    </ClCompile>
    <ClCompile Include="src\HOI4World\Localisations\GrammarMappingsTests.cpp">
      <Filter>src\HOI4World\Localisations</Filter>
    </ClCompile>
    <ClCompile Include="src\HOI4World\Localisations\LanguageReplacementRulesTests.cpp">
      <Filter>src\HOI4World\Localisations</Filter>
    </ClCompile>
    <ClCompile Include="src\HOI4World\Localisations\LanguageReplacementRuleTests.cpp">
      <Filter>src\HOI4World\Localisations</Filter>
    </ClCompile>
    <ClCompile Include="src\HOI4World\Localisations\LanguageReplacementsTests.cpp">
      <Filter>src\HOI4World\Localisations</Filter>
    </ClCompile>
    <ClCompile Include="src\HOI4World\Map\ActualResourcesTests.cpp">
      <Filter>src\HOI4World\Map</Filter>
    </ClCompile>
    <ClCompile Include="src\HOI4World\Map\AdjacencyRuleTests.cpp">
      <Filter>src\HOI4World\Map</Filter>
    </ClCompile>
    <ClCompile Include="src\HOI4World\Map\AdjacencyRulesTests.cpp">
      <Filter>src\HOI4World\Map</Filter>
    </ClCompile>
    <ClCompile Include="src\HOI4World\Map\Hoi4BuildingTests.cpp">
      <Filter>src\HOI4World\Map</Filter>
    </ClCompile>
    <ClCompile Include="src\HOI4World\Map\HoI4ProvincesTests.cpp">
      <Filter>src\HOI4World\Map</Filter>
    </ClCompile>
    <ClCompile Include="src\HOI4World\Map\ImpassableProvincesTests.cpp">
      <Filter>src\HOI4World\Map</Filter>
    </ClCompile>
    <ClCompile Include="src\HOI4World\Map\MapRegionTests.cpp">
      <Filter>src\HOI4World\Map</Filter>
    </ClCompile>
    <ClCompile Include="src\HOI4World\Map\OutRailwayTests.cpp">
      <Filter>src\HOI4World\Map</Filter>
    </ClCompile>
    <ClCompile Include="src\HOI4World\Map\RailwayTests.cpp">
      <Filter>src\HOI4World\Map</Filter>
    </ClCompile>
    <ClCompile Include="src\HOI4World\Map\ResourcesLinkTests.cpp">
      <Filter>src\HOI4World\Map</Filter>
    </ClCompile>
    <ClCompile Include="src\HOI4World\Map\SupplyAreaTests.cpp">
      <Filter>src\HOI4World\Map</Filter>
    </ClCompile>
    <ClCompile Include="src\HOI4World\Map\SupplyNodesTests.cpp">
      <Filter>src\HOI4World\Map</Filter>
    </ClCompile>
    <ClCompile Include="src\HOI4World\Military\DivisionTemplateTests.cpp">
      <Filter>src\HOI4World\Military</Filter>
    </ClCompile>
    <ClCompile Include="src\HOI4World\Military\DivisionTypeTests.cpp">
      <Filter>src\HOI4World\Military</Filter>
    </ClCompile>
    <ClCompile Include="src\HOI4World\MilitaryMappings\AllMilitaryMappingsTests.cpp">
      <Filter>src\HOI4World\MilitaryMappings</Filter>
    </ClCompile>
    <ClCompile Include="src\HOI4World\MilitaryMappings\DivisionTemplateImporterTests.cpp">
      <Filter>src\HOI4World\MilitaryMappings</Filter>
    </ClCompile>
    <ClCompile Include="src\HOI4World\MilitaryMappings\HoI4UnitTypeTests.cpp">
      <Filter>src\HOI4World\MilitaryMappings</Filter>
    </ClCompile>
    <ClCompile Include="src\HOI4World\MilitaryMappings\MilitaryMappingTests.cpp">
      <Filter>src\HOI4World\MilitaryMappings</Filter>
    </ClCompile>
    <ClCompile Include="src\HOI4World\MilitaryMappings\MtgUnitMappingsTests.cpp">
      <Filter>src\HOI4World\MilitaryMappings</Filter>
    </ClCompile>
    <ClCompile Include="src\HOI4World\MilitaryMappings\MtgUnitMappingTests.cpp">
      <Filter>src\HOI4World\MilitaryMappings</Filter>
    </ClCompile>
    <ClCompile Include="src\HOI4World\MilitaryMappings\SubstitutesImporterTests.cpp">
      <Filter>src\HOI4World\MilitaryMappings</Filter>
    </ClCompile>
    <ClCompile Include="src\HOI4World\MilitaryMappings\UnitMappingsTests.cpp">
      <Filter>src\HOI4World\MilitaryMappings</Filter>
    </ClCompile>
    <ClCompile Include="src\HOI4World\MilitaryMappings\UnitMappingTests.cpp">
      <Filter>src\HOI4World\MilitaryMappings</Filter>
    </ClCompile>
    <ClCompile Include="src\HOI4World\Modifiers\DynamicModifiersTests.cpp">
      <Filter>src\HOI4World\Modifiers</Filter>
    </ClCompile>
    <ClCompile Include="src\HOI4World\Names\CultureGroupNamesTests.cpp">
      <Filter>src\HOI4World\Names</Filter>
    </ClCompile>
    <ClCompile Include="src\HOI4World\Names\CultureNamesTests.cpp">
      <Filter>src\HOI4World\Names</Filter>
    </ClCompile>
    <ClCompile Include="src\HOI4World\Navies\LegacyNavyTests.cpp">
      <Filter>src\HOI4World\Navies</Filter>
    </ClCompile>
    <ClCompile Include="src\HOI4World\Navies\LegacyShipTests.cpp">
      <Filter>src\HOI4World\Navies</Filter>
    </ClCompile>
    <ClCompile Include="src\HOI4World\Navies\LegacyShipTypeNamesTests.cpp">
      <Filter>src\HOI4World\Navies</Filter>
    </ClCompile>
    <ClCompile Include="src\HOI4World\Navies\MtgNavyTests.cpp">
      <Filter>src\HOI4World\Navies</Filter>
    </ClCompile>
    <ClCompile Include="src\HOI4World\Navies\MtgShipTests.cpp">
      <Filter>src\HOI4World\Navies</Filter>
    </ClCompile>
    <ClCompile Include="src\HOI4World\Navies\MtgShipTypeNamesTests.cpp">
      <Filter>src\HOI4World\Navies</Filter>
    </ClCompile>
    <ClCompile Include="src\HOI4World\OccupationLaws\OccupationLawFactoryTests.cpp">
      <Filter>src\HOI4World\OccupationLaws</Filter>
    </ClCompile>
    <ClCompile Include="src\HOI4World\OccupationLaws\OccupationLawsFactoryTests.cpp">
      <Filter>src\HOI4World\OccupationLaws</Filter>
    </ClCompile>
    <ClCompile Include="src\HOI4World\OccupationLaws\OccupationLawsTests.cpp">
      <Filter>src\HOI4World\OccupationLaws</Filter>
    </ClCompile>
    <ClCompile Include="src\HOI4World\Operations\OperationFactoryTests.cpp">
      <Filter>src\HOI4World\Operations</Filter>
    </ClCompile>
    <ClCompile Include="src\HOI4World\Operations\OperationsFactoryTests.cpp">
      <Filter>src\HOI4World\Operations</Filter>
    </ClCompile>
    <ClCompile Include="src\HOI4World\OperativeNames\OperativeNamesMappingFactoryTests.cpp">
      <Filter>src\HOI4World\OperativeNames</Filter>
    </ClCompile>
    <ClCompile Include="src\HOI4World\OperativeNames\OperativeNamesMappingsFactoryTests.cpp">
      <Filter>src\HOI4World\OperativeNames</Filter>
    </ClCompile>
    <ClCompile Include="src\HOI4World\OperativeNames\OperativeNamesTests.cpp">
      <Filter>src\HOI4World\OperativeNames</Filter>
    </ClCompile>
    <ClCompile Include="src\HOI4World\OperativeNames\OperativesNamesSetTests.cpp">
      <Filter>src\HOI4World\OperativeNames</Filter>
    </ClCompile>
    <ClCompile Include="src\HOI4World\Regions\RegionsTests.cpp">
      <Filter>src\HOI4World\Regions</Filter>
    </ClCompile>
    <ClCompile Include="src\HOI4World\Regions\RegionTests.cpp">
      <Filter>src\HOI4World\Regions</Filter>
    </ClCompile>
    <ClCompile Include="src\HOI4World\ScriptedEffects\ScriptedEffectFileTests.cpp">
      <Filter>src\HOI4World\ScriptedEffects</Filter>
    </ClCompile>
    <ClCompile Include="src\HOI4World\ScriptedEffects\ScriptedEffectTests.cpp">
      <Filter>src\HOI4World\ScriptedEffects</Filter>
    </ClCompile>
    <ClCompile Include="src\HOI4World\ScriptedLocalisations\ScriptedLocalisationsTests.cpp">
      <Filter>src\HOI4World\ScriptedLocalisations</Filter>
    </ClCompile>
    <ClCompile Include="src\HOI4World\ScriptedLocalisations\ScriptedLocalisationTests.cpp">
      <Filter>src\HOI4World\ScriptedLocalisations</Filter>
    </ClCompile>
    <ClCompile Include="src\HOI4World\ScriptedTriggers\ScriptedTriggerTests.cpp">
      <Filter>src\HOI4World\ScriptedTriggers</Filter>
    </ClCompile>
    <ClCompile Include="src\HOI4World\ShipTypes\LegacyShipVariantTests.cpp">
      <Filter>src\HOI4World\ShipTypes</Filter>
    </ClCompile>
    <ClCompile Include="src\HOI4World\ShipTypes\MtgShipVariantTests.cpp">
      <Filter>src\HOI4World\ShipTypes</Filter>
    </ClCompile>
    <ClCompile Include="src\HOI4World\ShipTypes\PossibleShipVariantTests.cpp">
      <Filter>src\HOI4World\ShipTypes</Filter>
    </ClCompile>
    <ClCompile Include="src\HOI4World\ShipTypes\ShipModulesTests.cpp">
      <Filter>src\HOI4World\ShipTypes</Filter>
    </ClCompile>
    <ClCompile Include="src\HOI4World\ShipTypes\ShipUpgradesTests.cpp">
      <Filter>src\HOI4World\ShipTypes</Filter>
    </ClCompile>
    <ClCompile Include="src\HOI4World\ShipTypes\ShipVariantsTests.cpp">
      <Filter>src\HOI4World\ShipTypes</Filter>
    </ClCompile>
    <ClCompile Include="src\HOI4World\Sounds\SoundEffectMappingTests.cpp">
      <Filter>src\HOI4World\Sounds</Filter>
    </ClCompile>
    <ClCompile Include="src\HOI4World\Sounds\SoundEffectsFactoryTests.cpp">
      <Filter>src\HOI4World\Sounds</Filter>
    </ClCompile>
    <ClCompile Include="src\HOI4World\Sounds\SoundEffectsMapperLinkTests.cpp">
      <Filter>src\HOI4World\Sounds</Filter>
    </ClCompile>
    <ClCompile Include="src\HOI4World\Sounds\SoundEffectsMapperTests.cpp">
      <Filter>src\HOI4World\Sounds</Filter>
    </ClCompile>
    <ClCompile Include="src\HOI4World\Sounds\SoundEffectsMappingTests.cpp">
      <Filter>src\HOI4World\Sounds</Filter>
    </ClCompile>
    <ClCompile Include="src\HOI4World\States\DefaultStateTests.cpp">
      <Filter>src\HOI4World\States</Filter>
    </ClCompile>
    <ClCompile Include="src\HOI4World\States\DockyardProvinceTests.cpp">
      <Filter>src\HOI4World\States</Filter>
    </ClCompile>
    <ClCompile Include="src\HOI4World\States\HoI4StateTests.cpp">
      <Filter>src\HOI4World\States</Filter>
    </ClCompile>
    <ClCompile Include="src\HOI4World\States\StateBuildingsTests.cpp">
      <Filter>src\HOI4World\States</Filter>
    </ClCompile>
    <ClCompile Include="src\HOI4World\States\StateCategoryFileTests.cpp">
      <Filter>src\HOI4World\States</Filter>
    </ClCompile>
    <ClCompile Include="src\HOI4World\States\StateCategoryTests.cpp">
      <Filter>src\HOI4World\States</Filter>
    </ClCompile>
    <ClCompile Include="src\HOI4World\States\StateHistoryTests.cpp">
      <Filter>src\HOI4World\States</Filter>
    </ClCompile>
    <ClCompile Include="src\HOI4World\TankDesigns\PossibleTankDesignsTests.cpp">
      <Filter>src\HOI4World\TankDesigns</Filter>
    </ClCompile>
    <ClCompile Include="src\HOI4World\TankDesigns\TankDesignsTests.cpp">
      <Filter>src\HOI4World\TankDesigns</Filter>
    </ClCompile>
    <ClCompile Include="src\HOI4World\TankDesigns\TankDesignTests.cpp">
      <Filter>src\HOI4World\TankDesigns</Filter>
    </ClCompile>
    <ClCompile Include="src\HOI4World\TankDesigns\TankModulesTests.cpp">
      <Filter>src\HOI4World\TankDesigns</Filter>
    </ClCompile>
    <ClCompile Include="src\HOI4World\TankDesigns\TankUpgradesTests.cpp">
      <Filter>src\HOI4World\TankDesigns</Filter>
    </ClCompile>
    <ClCompile Include="src\HOI4World\TechnologiesTests.cpp">
      <Filter>src\HOI4World</Filter>
    </ClCompile>
    <ClCompile Include="src\Mappers\Buildings\LandmarksMapperTests.cpp">
      <Filter>src\Mappers\Buildings</Filter>
    </ClCompile>
    <ClCompile Include="src\Mappers\Buildings\LandmarksMappingTests.cpp">
      <Filter>src\Mappers\Buildings</Filter>
    </ClCompile>
    <ClCompile Include="src\Mappers\CasusBelli\CasusBelliMappingTests.cpp">
      <Filter>src\Mappers\CasusBelli</Filter>
    </ClCompile>
    <ClCompile Include="src\Mappers\CasusBelli\CasusBellisTests.cpp">
      <Filter>src\Mappers\CasusBelli</Filter>
    </ClCompile>
    <ClCompile Include="src\Mappers\Country\CountryMapperTests.cpp">
      <Filter>src\Mappers\Country</Filter>
    </ClCompile>
    <ClCompile Include="src\Mappers\Country\CountryMappingRuleFactoryTests.cpp">
      <Filter>src\Mappers\Country</Filter>
    </ClCompile>
    <ClCompile Include="src\Mappers\CountryName\CountryNameMapperTests.cpp">
      <Filter>src\Mappers\CountryName</Filter>
    </ClCompile>
    <ClCompile Include="src\Mappers\CountryName\CountryNameMappingTests.cpp">
      <Filter>src\Mappers\CountryName</Filter>
    </ClCompile>
    <ClCompile Include="src\Mappers\FactionName\FactionNameMapperTests.cpp">
      <Filter>src\Mappers\FactionName</Filter>
    </ClCompile>
    <ClCompile Include="src\Mappers\FlagsToIdeas\FlagsToIdeasMapperTests.cpp">
      <Filter>src\Mappers\FlagsToIdeas</Filter>
    </ClCompile>
    <ClCompile Include="src\Mappers\FlagsToIdeas\FlagToIdeaMappingTests.cpp">
      <Filter>src\Mappers\FlagsToIdeas</Filter>
    </ClCompile>
    <ClCompile Include="src\Mappers\Government\GovernmentMapperTests.cpp">
      <Filter>src\Mappers\Government</Filter>
    </ClCompile>
    <ClCompile Include="src\Mappers\Government\GovernmentMappingTests.cpp">
      <Filter>src\Mappers\Government</Filter>
    </ClCompile>
    <ClCompile Include="src\Mappers\Graphics\GraphicsCultureGroupTests.cpp">
      <Filter>src\Mappers\Graphics</Filter>
    </ClCompile>
    <ClCompile Include="src\Mappers\Graphics\GraphicsMapperTests.cpp">
      <Filter>src\Mappers\Graphics</Filter>
    </ClCompile>
    <ClCompile Include="src\Mappers\Graphics\IdeologyToPortraitsMappingFactoryTests.cpp">
      <Filter>src\Mappers\Graphics</Filter>
    </ClCompile>
    <ClCompile Include="src\Mappers\Ideology\IdeologyMapperTests.cpp">
      <Filter>src\Mappers\Ideology</Filter>
    </ClCompile>
    <ClCompile Include="src\Mappers\Ideology\IdeologyMappingTests.cpp">
      <Filter>src\Mappers\Ideology</Filter>
    </ClCompile>
    <ClCompile Include="src\Mappers\MergeRules\MergeRulesTests.cpp">
      <Filter>src\Mappers\MergeRules</Filter>
    </ClCompile>
    <ClCompile Include="src\Mappers\MergeRules\MergeRuleTests.cpp">
      <Filter>src\Mappers\MergeRules</Filter>
    </ClCompile>
    <ClCompile Include="src\Mappers\Provinces\ProvinceMapperTests.cpp">
      <Filter>src\Mappers\Provinces</Filter>
    </ClCompile>
    <ClCompile Include="src\Mappers\Provinces\ProvinceMappingTests.cpp">
      <Filter>src\Mappers\Provinces</Filter>
    </ClCompile>
    <ClCompile Include="src\Mappers\Provinces\VersionedMappingsTests.cpp">
      <Filter>src\Mappers\Provinces</Filter>
    </ClCompile>
    <ClCompile Include="src\Mappers\Technology\ResearchBonusMapperTests.cpp">
      <Filter>src\Mappers\Technology</Filter>
    </ClCompile>
    <ClCompile Include="src\Mappers\Technology\ResearchBonusMappingTests.cpp">
      <Filter>src\Mappers\Technology</Filter>
    </ClCompile>
    <ClCompile Include="src\Mappers\Technology\TechMapperTests.cpp">
      <Filter>src\Mappers\Technology</Filter>
    </ClCompile>
    <ClCompile Include="src\Mappers\Technology\TechMappingTests.cpp">
      <Filter>src\Mappers\Technology</Filter>
    </ClCompile>
    <ClCompile Include="src\Maps\MapDataTests.cpp">
      <Filter>src\Maps</Filter>
    </ClCompile>
    <ClCompile Include="src\Maps\ProvinceDefinitionsTests.cpp">
      <Filter>src\Maps</Filter>
    </ClCompile>
    <ClCompile Include="src\Maps\ProvincePointsTests.cpp">
      <Filter>src\Maps</Filter>
    </ClCompile>
    <ClCompile Include="src\OutHoi4\Characters\OutAdmiralDataTests.cpp">
      <Filter>src\OutHoi4\Characters</Filter>
    </ClCompile>
    <ClCompile Include="src\OutHoi4\Characters\OutAdvisorDataTests.cpp">
      <Filter>src\OutHoi4\Characters</Filter>
    </ClCompile>
    <ClCompile Include="src\OutHoi4\Characters\OutCommanderDataTests.cpp">
      <Filter>src\OutHoi4\Characters</Filter>
    </ClCompile>
    <ClCompile Include="src\OutHoi4\Characters\OutCountryLeaderDataTests.cpp">
      <Filter>src\OutHoi4\Characters</Filter>
    </ClCompile>
    <ClCompile Include="src\OutHoi4\Characters\OutPortraitTests.cpp">
      <Filter>src\OutHoi4\Characters</Filter>
    </ClCompile>
    <ClCompile Include="src\OutHoi4\Factions\OutFactionGoalTests.cpp">
      <Filter>src\OutHoi4\Factions</Filter>
    </ClCompile>
    <ClCompile Include="src\OutHoi4\Map\OutRailwaysTests.cpp">
      <Filter>src\OutHoi4\Map</Filter>
    </ClCompile>
    <ClCompile Include="src\OutHoi4\Map\OutSupplyNodesTests.cpp">
      <Filter>src\OutHoi4\Map</Filter>
    </ClCompile>
    <ClCompile Include="src\V2World\Ai\AIStrategyTests.cpp">
      <Filter>src\V2World\Ai</Filter>
    </ClCompile>
    <ClCompile Include="src\V2World\Ai\AITests.cpp">
      <Filter>src\V2World\Ai</Filter>
    </ClCompile>
    <ClCompile Include="src\V2World\Countries\CommonCountriesDataFactoryTests.cpp">
      <Filter>src\V2World\Countries</Filter>
    </ClCompile>
    <ClCompile Include="src\V2World\Countries\CommonCountryDataTests.cpp">
      <Filter>src\V2World\Countries</Filter>
    </ClCompile>
    <ClCompile Include="src\V2World\Countries\CountryTests.cpp">
      <Filter>src\V2World\Countries</Filter>
    </ClCompile>
    <ClCompile Include="src\V2World\Countries\UnitNamesFactoryTests.cpp">
      <Filter>src\V2World\Countries</Filter>
    </ClCompile>
    <ClCompile Include="src\V2World\Culture\CultureGroupFactoryTests.cpp">
      <Filter>src\V2World\Culture</Filter>
    </ClCompile>
    <ClCompile Include="src\V2World\Culture\CultureGroupsTests.cpp">
      <Filter>src\V2World\Culture</Filter>
    </ClCompile>
    <ClCompile Include="src\V2World\Diplomacy\AgreementTests.cpp">
      <Filter>src\V2World\Diplomacy</Filter>
    </ClCompile>
    <ClCompile Include="src\V2World\Diplomacy\DiplomacyTests.cpp">
      <Filter>src\V2World\Diplomacy</Filter>
    </ClCompile>
    <ClCompile Include="src\V2World\Diplomacy\RelationsTests.cpp">
      <Filter>src\V2World\Diplomacy</Filter>
    </ClCompile>
    <ClCompile Include="src\V2World\EU4ToVic2Data\CountriesDataTests.cpp">
      <Filter>src\V2World\EU4ToVic2Data</Filter>
    </ClCompile>
    <ClCompile Include="src\V2World\EU4ToVic2Data\CountryDataTests.cpp">
      <Filter>src\V2World\EU4ToVic2Data</Filter>
    </ClCompile>
    <ClCompile Include="src\V2World\Issues\IssueCategoryHelperTests.cpp">
      <Filter>src\V2World\Issues</Filter>
    </ClCompile>
    <ClCompile Include="src\V2World\Issues\IssueHelperTests.cpp">
      <Filter>src\V2World\Issues</Filter>
    </ClCompile>
    <ClCompile Include="src\V2World\Issues\IssuesBuilderTests.cpp">
      <Filter>src\V2World\Issues</Filter>
    </ClCompile>
    <ClCompile Include="src\V2World\Issues\IssuesFactoryTests.cpp">
      <Filter>src\V2World\Issues</Filter>
    </ClCompile>
    <ClCompile Include="src\V2World\Localisations\LocalisationsTests.cpp">
      <Filter>src\V2World\Localisations</Filter>
    </ClCompile>
    <ClCompile Include="src\V2World\Map\Vic2ProvinceDefinitionImporterTests.cpp">
      <Filter>src\V2World\Map</Filter>
    </ClCompile>
    <ClCompile Include="src\V2World\Military\Leaders\LeaderTests.cpp">
      <Filter>src\V2World\Military\Leaders</Filter>
    </ClCompile>
    <ClCompile Include="src\V2World\Military\Leaders\TraitGroupTests.cpp">
      <Filter>src\V2World\Military\Leaders</Filter>
    </ClCompile>
    <ClCompile Include="src\V2World\Military\Leaders\TraitsTests.cpp">
      <Filter>src\V2World\Military\Leaders</Filter>
    </ClCompile>
    <ClCompile Include="src\V2World\Military\Leaders\TraitTests.cpp">
      <Filter>src\V2World\Military\Leaders</Filter>
    </ClCompile>
    <ClCompile Include="src\V2World\Military\ArmyTests.cpp">
      <Filter>src\V2World\Military</Filter>
    </ClCompile>
    <ClCompile Include="src\V2World\Military\UnitTests.cpp">
      <Filter>src\V2World\Military</Filter>
    </ClCompile>
    <ClCompile Include="src\V2World\Politics\PartyTests.cpp">
      <Filter>src\V2World\Politics</Filter>
    </ClCompile>
    <ClCompile Include="src\V2World\Pops\PopTests.cpp">
      <Filter>src\V2World\Pops</Filter>
    </ClCompile>
    <ClCompile Include="src\V2World\Provinces\ProvinceBuilderTests.cpp">
      <Filter>src\V2World\Provinces</Filter>
    </ClCompile>
    <ClCompile Include="src\V2World\Provinces\ProvinceFactoryTests.cpp">
      <Filter>src\V2World\Provinces</Filter>
    </ClCompile>
    <ClCompile Include="src\V2World\Provinces\ProvinceTests.cpp">
      <Filter>src\V2World\Provinces</Filter>
    </ClCompile>
    <ClCompile Include="src\V2World\States\BuildingTests.cpp">
      <Filter>src\V2World\States</Filter>
    </ClCompile>
    <ClCompile Include="src\V2World\States\StateDefinitionsTests.cpp">
      <Filter>src\V2World\States</Filter>
    </ClCompile>
    <ClCompile Include="src\V2World\States\StateFactoryTests.cpp">
      <Filter>src\V2World\States</Filter>
    </ClCompile>
    <ClCompile Include="src\V2World\States\StateLanguageCategoriesTests.cpp">
      <Filter>src\V2World\States</Filter>
    </ClCompile>
    <ClCompile Include="src\V2World\States\StateTests.cpp">
      <Filter>src\V2World\States</Filter>
    </ClCompile>
    <ClCompile Include="src\V2World\Stockpiles\StockpileTests.cpp">
      <Filter>src\V2World\Stockpiles</Filter>
    </ClCompile>
    <ClCompile Include="src\V2World\Technology\InventionTests.cpp">
      <Filter>src\V2World\Technology</Filter>
    </ClCompile>
    <ClCompile Include="src\V2World\Wars\WarFactoryTests.cpp">
      <Filter>src\V2World\Wars</Filter>
    </ClCompile>
    <ClCompile Include="src\V2World\Wars\WarGoalFactoryTests.cpp">
      <Filter>src\V2World\Wars</Filter>
    </ClCompile>
    <ClCompile Include="src\ConfigurationTests.cpp">
      <Filter>src</Filter>
    </ClCompile>
    <ClCompile Include="src\HOI4World\Leaders\AdvisorTests.cpp">
      <Filter>src\HOI4World\Leaders</Filter>
    </ClCompile>
    <ClCompile Include="src\HOI4World\Countries\UnionCountryTests.cpp">
      <Filter>src\HOI4World\Countries</Filter>
    </ClCompile>
    <ClCompile Include="src\HOI4World\PlaneDesigns\PlaneModulesTests.cpp">
      <Filter>src\HOI4World\PlaneDesigns</Filter>
    </ClCompile>
    <ClCompile Include="src\HOI4World\PlaneDesigns\PlaneDesignTests.cpp">
      <Filter>src\HOI4World\PlaneDesigns</Filter>
    </ClCompile>
    <ClCompile Include="src\HOI4World\PlaneDesigns\PossiblePlaneDesignsTests.cpp">
      <Filter>src\HOI4World\PlaneDesigns</Filter>
    </ClCompile>
    <ClCompile Include="src\HOI4World\PlaneDesigns\PlaneDesignsTests.cpp">
      <Filter>src\HOI4World\PlaneDesigns</Filter>
    </ClCompile>
    <ClCompile Include="src\HOI4World\Countries\EquipmentTests.cpp">
      <Filter>src\HOI4World\Countries</Filter>
    </ClCompile>
    <ClCompile Include="src\HOI4World\PeaceConferences\IdeologicalAiPeaceTests.cpp">
      <Filter>src\HOI4World\PeaceConferences</Filter>
    </ClCompile>
    <ClCompile Include="src\HOI4World\PeaceConferences\IdeologicalCostModifiersTests.cpp">
      <Filter>src\HOI4World\PeaceConferences</Filter>
    </ClCompile>
    <ClCompile Include="src\HOI4World\UnitMedals\IdeologicalUnitMedalsTests.cpp">
      <Filter>src\HOI4World\UnitMedals</Filter>
    </ClCompile>
    <ClCompile Include="external\common_items\external\googletest\googlemock\src\gmock-all.cc">
      <Filter>external\googletest\googlemock\src</Filter>
    </ClCompile>
    <ClCompile Include="external\common_items\external\googletest\googletest\src\gtest_main.cc">
      <Filter>external\googletest\googletest\src</Filter>
    </ClCompile>
    <ClCompile Include="external\common_items\external\googletest\googletest\src\gtest-all.cc">
      <Filter>external\googletest\googletest\src</Filter>
    </ClCompile>
    <ClCompile Include="src\HOI4World\Navies\NaviesTests.cpp">
      <Filter>src\HOI4World\Navies</Filter>
    </ClCompile>
    <ClCompile Include="src\HOI4World\Characters\PortraitTests.cpp">
      <Filter>src\HOI4World\Characters</Filter>
    </ClCompile>
    <ClCompile Include="src\HOI4World\Military\AirplaneTests.cpp">
      <Filter>src\HOI4World\Military</Filter>
    </ClCompile>
    <ClCompile Include="src\Mappers\FactionName\FactionNameMappingTests.cpp">
      <Filter>src\Mappers\FactionName</Filter>
    </ClCompile>
    <ClCompile Include="src\V2World\World\WorldTests.cpp">
      <Filter>src\V2World\World</Filter>
    </ClCompile>
    <ClCompile Include="src\V2World\Technology\TechnologyFactoryTests.cpp">
      <Filter>src\V2World\Technology</Filter>
    </ClCompile>
    <ClCompile Include="src\V2World\States\StateDefinitionsFactoryTests.cpp">
      <Filter>src\V2World\States</Filter>
    </ClCompile>
    <ClCompile Include="src\V2World\States\StateLanguageCategoriesFactory.cpp">
      <Filter>src\V2World\States</Filter>
    </ClCompile>
    <ClCompile Include="src\V2World\Pops\PopFactoryTests.cpp">
      <Filter>src\V2World\Pops</Filter>
    </ClCompile>
    <ClCompile Include="src\HOI4World\Scorers\ScorerFactoryTests.cpp">
      <Filter>src\HOI4World\Scorers</Filter>
    </ClCompile>
    <ClCompile Include="src\HOI4World\Scorers\ScorerTests.cpp">
      <Filter>src\HOI4World\Scorers</Filter>
    </ClCompile>
    <ClCompile Include="src\HOI4World\Scorers\ScorersFactoryTests.cpp">
      <Filter>src\HOI4World\Scorers</Filter>
    </ClCompile>
    <ClCompile Include="src\HOI4World\Scorers\ScorersTests.cpp">
      <Filter>src\HOI4World\Scorers</Filter>
    </ClCompile>
    <ClCompile Include="src\HOI4World\Military\RegimentTypeTests.cpp">
      <Filter>src\HOI4World\Military</Filter>
    </ClCompile>
    <ClCompile Include="src\HOI4World\Military\RegimentTypeGroupTests.cpp">
      <Filter>src\HOI4World\Military</Filter>
    </ClCompile>
    <ClCompile Include="src\HOI4World\Military\HoI4ArmyTests.cpp">
      <Filter>src\HOI4World\Military</Filter>
    </ClCompile>
  </ItemGroup>
  <ItemGroup>
    <Filter Include="src">
      <UniqueIdentifier>{5696c9de-12b4-423c-832d-debf4f621936}</UniqueIdentifier>
    </Filter>
    <Filter Include="external">
      <UniqueIdentifier>{eba2fd57-417b-4441-bd58-fb355a85d0da}</UniqueIdentifier>
    </Filter>
    <Filter Include="src\HOI4World">
      <UniqueIdentifier>{1553f95a-41e3-4f8a-ab6b-344fd05db646}</UniqueIdentifier>
    </Filter>
    <Filter Include="src\HOI4World\Characters">
      <UniqueIdentifier>{fa425b50-581f-48dd-8bb5-2ad2d416af80}</UniqueIdentifier>
    </Filter>
    <Filter Include="src\HOI4World\CountryCategories">
      <UniqueIdentifier>{aac0cf91-ec41-4803-8e7c-45a27bfafd14}</UniqueIdentifier>
    </Filter>
    <Filter Include="src\HOI4World\Decisions">
      <UniqueIdentifier>{18be3a80-086d-42a5-b0f1-58faaa2ee459}</UniqueIdentifier>
    </Filter>
    <Filter Include="src\HOI4World\Diplomacy">
      <UniqueIdentifier>{55b961b0-36ed-4687-8ceb-102829ce946b}</UniqueIdentifier>
    </Filter>
    <Filter Include="src\HOI4World\Events">
      <UniqueIdentifier>{86b7d167-b321-4fa0-8ad5-f922e121d988}</UniqueIdentifier>
    </Filter>
    <Filter Include="src\HOI4World\GameRules">
      <UniqueIdentifier>{f3289d15-a55d-4743-aed1-bbedcdc611bf}</UniqueIdentifier>
    </Filter>
    <Filter Include="src\HOI4World\Ideas">
      <UniqueIdentifier>{39c64eea-bb12-4da8-a359-ccb71a22e03d}</UniqueIdentifier>
    </Filter>
    <Filter Include="src\HOI4World\Ideologies">
      <UniqueIdentifier>{c8de3280-aa6f-4c9c-b75b-434b1601aae4}</UniqueIdentifier>
    </Filter>
    <Filter Include="src\HOI4World\IntelligenceAgencies">
      <UniqueIdentifier>{0b0d1e2e-cfeb-4133-877a-78148a319fa6}</UniqueIdentifier>
    </Filter>
    <Filter Include="src\HOI4World\Landmarks">
      <UniqueIdentifier>{9d693e42-c3ce-4007-b430-8d3bc6b00614}</UniqueIdentifier>
    </Filter>
    <Filter Include="src\HOI4World\Leaders">
      <UniqueIdentifier>{9d693e42-c3ce-4007-b430-8d3bc6b00614}</UniqueIdentifier>
    </Filter>
    <Filter Include="src\HOI4World\Localisations">
      <UniqueIdentifier>{ba427c8a-7c40-48a8-a566-f780aba39bc7}</UniqueIdentifier>
    </Filter>
    <Filter Include="src\HOI4World\Localisations\ArticleRules">
      <UniqueIdentifier>{d3a17469-962c-4e46-8693-4c08965394be}</UniqueIdentifier>
    </Filter>
    <Filter Include="src\HOI4World\Map">
      <UniqueIdentifier>{6feccbbd-2ad6-47b8-a19a-ade228bce8a4}</UniqueIdentifier>
    </Filter>
    <Filter Include="src\HOI4World\Military">
      <UniqueIdentifier>{a2ccaf0c-097b-4514-9a83-2e387e4784bf}</UniqueIdentifier>
    </Filter>
    <Filter Include="src\HOI4World\MilitaryMappings">
      <UniqueIdentifier>{a916eaad-e03c-4e9b-b568-05ffcb166594}</UniqueIdentifier>
    </Filter>
    <Filter Include="src\HOI4World\Modifiers">
      <UniqueIdentifier>{9266aee1-dba0-42b4-947e-ece010ddf65a}</UniqueIdentifier>
    </Filter>
    <Filter Include="src\HOI4World\Names">
      <UniqueIdentifier>{9cf137b9-9082-459f-a8c9-ed49ffab0348}</UniqueIdentifier>
    </Filter>
    <Filter Include="src\HOI4World\Navies">
      <UniqueIdentifier>{d67179dd-4806-4acb-b266-df15fb24f079}</UniqueIdentifier>
    </Filter>
    <Filter Include="src\HOI4World\OccupationLaws">
      <UniqueIdentifier>{021ee390-e6dc-4359-9012-ae4315ce6719}</UniqueIdentifier>
    </Filter>
    <Filter Include="src\HOI4World\Operations">
      <UniqueIdentifier>{0f1d1beb-c5d4-485e-84f4-33f69091fa49}</UniqueIdentifier>
    </Filter>
    <Filter Include="src\HOI4World\OperativeNames">
      <UniqueIdentifier>{739affb6-ff31-4c80-acb1-2faea0848a2e}</UniqueIdentifier>
    </Filter>
    <Filter Include="src\HOI4World\Operatives">
      <UniqueIdentifier>{c24e707e-8179-4240-9242-cfc2666a4cae}</UniqueIdentifier>
    </Filter>
    <Filter Include="src\HOI4World\Regions">
      <UniqueIdentifier>{e4801e6d-e4c0-43af-a3e0-1ca94cadc977}</UniqueIdentifier>
    </Filter>
    <Filter Include="src\HOI4World\ScriptedEffects">
      <UniqueIdentifier>{f2c5a403-9438-4af1-816d-3df83fe6b1e9}</UniqueIdentifier>
    </Filter>
    <Filter Include="src\HOI4World\ScriptedLocalisations">
      <UniqueIdentifier>{4d0f78b8-9fdb-4c9b-b665-4f343dc704e3}</UniqueIdentifier>
    </Filter>
    <Filter Include="src\HOI4World\ScriptedTriggers">
      <UniqueIdentifier>{59c452e1-1738-41ae-934d-44461a2cac97}</UniqueIdentifier>
    </Filter>
    <Filter Include="src\HOI4World\ShipTypes">
      <UniqueIdentifier>{81428b62-97ee-462b-ab42-c745d1b87c54}</UniqueIdentifier>
    </Filter>
    <Filter Include="src\HOI4World\Sounds">
      <UniqueIdentifier>{ef9f89c9-05c2-4abc-a13e-28cb1be11d6e}</UniqueIdentifier>
    </Filter>
    <Filter Include="src\HOI4World\States">
      <UniqueIdentifier>{1c0db033-af7c-4242-9ba1-40bd4ae8da57}</UniqueIdentifier>
    </Filter>
    <Filter Include="src\HOI4World\TankDesigns">
      <UniqueIdentifier>{258fd588-3329-42ff-afb0-5f70f6bb94ca}</UniqueIdentifier>
    </Filter>
    <Filter Include="src\HOI4World\WarCreator">
      <UniqueIdentifier>{ca23be3d-bb18-47de-85b0-f7277db2b955}</UniqueIdentifier>
    </Filter>
    <Filter Include="src\Mappers">
      <UniqueIdentifier>{6fb33366-5823-4622-b1a0-a6c1c9bb47d3}</UniqueIdentifier>
    </Filter>
    <Filter Include="src\Mappers\Buildings">
      <UniqueIdentifier>{2a7a5681-e5ef-4ade-aeff-a175cad52db9}</UniqueIdentifier>
    </Filter>
    <Filter Include="src\Mappers\CasusBelli">
      <UniqueIdentifier>{acb06cbf-4662-414e-9676-50c8268ef42c}</UniqueIdentifier>
    </Filter>
    <Filter Include="src\Mappers\Country">
      <UniqueIdentifier>{ed908342-837b-49f9-b365-d1fc60669305}</UniqueIdentifier>
    </Filter>
    <Filter Include="src\Mappers\CountryName">
      <UniqueIdentifier>{2a7a5681-e5ef-4ade-aeff-a175cad52db9}</UniqueIdentifier>
    </Filter>
    <Filter Include="src\Mappers\FactionName">
      <UniqueIdentifier>{4d363b7a-719e-480d-ba88-dcbb6e2fbb4c}</UniqueIdentifier>
    </Filter>
    <Filter Include="src\Mappers\FlagsToIdeas">
      <UniqueIdentifier>{1b24cd77-5abb-4915-a8d4-a231868600fd}</UniqueIdentifier>
    </Filter>
    <Filter Include="src\Mappers\Government">
      <UniqueIdentifier>{bd1b38f0-a956-4e0d-be91-6638da6f549f}</UniqueIdentifier>
    </Filter>
    <Filter Include="src\Mappers\Graphics">
      <UniqueIdentifier>{98683884-c77e-4f2d-9a44-8bd8ea25d483}</UniqueIdentifier>
    </Filter>
    <Filter Include="src\Mappers\Ideology">
      <UniqueIdentifier>{19fedd9a-203d-4573-8ef8-8d082ded44d9}</UniqueIdentifier>
    </Filter>
    <Filter Include="src\Mappers\MergeRules">
      <UniqueIdentifier>{99e4adf9-818f-4e4f-9d96-d7c474760536}</UniqueIdentifier>
    </Filter>
    <Filter Include="src\Mappers\Provinces">
      <UniqueIdentifier>{e51ce613-5bad-46f2-af34-e7d665b48a4a}</UniqueIdentifier>
    </Filter>
    <Filter Include="src\Mappers\Technology">
      <UniqueIdentifier>{c30c1212-72a7-418d-be3a-1fc8c4b161c1}</UniqueIdentifier>
    </Filter>
    <Filter Include="src\Maps">
      <UniqueIdentifier>{6630e860-7782-4641-a57a-7d331c07b4ea}</UniqueIdentifier>
    </Filter>
    <Filter Include="src\OutHoi4">
      <UniqueIdentifier>{b091dc62-3d8d-4bfb-81db-124c7c1f1b57}</UniqueIdentifier>
    </Filter>
    <Filter Include="src\OutHoi4\AiStrategy">
      <UniqueIdentifier>{a7b7efc8-2454-44d4-835c-01574e507d77}</UniqueIdentifier>
    </Filter>
    <Filter Include="src\OutHoi4\Characters">
      <UniqueIdentifier>{e6fb1f73-b1ae-4abe-8fd0-d9fbd8057509}</UniqueIdentifier>
    </Filter>
    <Filter Include="src\OutHoi4\CountryCategories">
      <UniqueIdentifier>{c4f4bbc3-cddb-4667-800c-91ed64048adf}</UniqueIdentifier>
    </Filter>
    <Filter Include="src\OutHoi4\Decisions">
      <UniqueIdentifier>{df67c9cb-eb4c-4216-b919-25b3ed4777de}</UniqueIdentifier>
    </Filter>
    <Filter Include="src\OutHoi4\Diplomacy">
      <UniqueIdentifier>{aac4ab34-7359-44ca-8dd7-170a8beb0771}</UniqueIdentifier>
    </Filter>
    <Filter Include="src\OutHoi4\Events">
      <UniqueIdentifier>{462f35fe-9546-4183-9109-505fadd0322e}</UniqueIdentifier>
    </Filter>
    <Filter Include="src\OutHoi4\Factions">
      <UniqueIdentifier>{5b232204-fdfc-436c-a4ef-03f8d6f9b6ce}</UniqueIdentifier>
    </Filter>
    <Filter Include="src\OutHoi4\GameRules">
      <UniqueIdentifier>{d75cadc8-a93a-4799-b1dd-2df1528d66fc}</UniqueIdentifier>
    </Filter>
    <Filter Include="src\OutHoi4\Ideas">
      <UniqueIdentifier>{cf6c315a-40e6-4652-901a-3aa6086510a1}</UniqueIdentifier>
    </Filter>
    <Filter Include="src\OutHoi4\Ideologies">
      <UniqueIdentifier>{1c0ba952-62c7-44ae-ac87-c8d61d7a2ee9}</UniqueIdentifier>
    </Filter>
    <Filter Include="src\OutHoi4\IntelligenceAgencies">
      <UniqueIdentifier>{c633985d-c3b7-4508-b539-118502e90935}</UniqueIdentifier>
    </Filter>
    <Filter Include="src\OutHoi4\Interface">
      <UniqueIdentifier>{d5aca45f-453a-46b7-9c7a-d7fdfb8fa7db}</UniqueIdentifier>
    </Filter>
    <Filter Include="src\OutHoi4\Leaders">
      <UniqueIdentifier>{ce0b8262-0423-4e00-a046-78736e27b564}</UniqueIdentifier>
    </Filter>
    <Filter Include="src\OutHoi4\Map">
      <UniqueIdentifier>{1a9c5d09-0ef4-4db0-a0f7-5686b9d24cb8}</UniqueIdentifier>
    </Filter>
    <Filter Include="src\OutHoi4\Military">
      <UniqueIdentifier>{baff490d-c26b-40e6-bb84-9a8d25e09f68}</UniqueIdentifier>
    </Filter>
    <Filter Include="src\OutHoi4\Modifiers">
      <UniqueIdentifier>{8b70ec32-0ed2-4cbd-a938-19254b45b611}</UniqueIdentifier>
    </Filter>
    <Filter Include="src\OutHoi4\Navies">
      <UniqueIdentifier>{54768d18-8dc8-4deb-ac37-94e05e12f55b}</UniqueIdentifier>
    </Filter>
    <Filter Include="src\OutHoi4\OccupationLaws">
      <UniqueIdentifier>{3b8a34ad-c50d-4453-ba72-98913eef1d26}</UniqueIdentifier>
    </Filter>
    <Filter Include="src\OutHoi4\Operations">
      <UniqueIdentifier>{2480bd04-6fb5-420f-92d5-ab6a5e7a1920}</UniqueIdentifier>
    </Filter>
    <Filter Include="src\OutHoi4\Operative">
      <UniqueIdentifier>{10a23bff-2799-423d-b41d-cea719ad0199}</UniqueIdentifier>
    </Filter>
    <Filter Include="src\OutHoi4\OperativeNames">
      <UniqueIdentifier>{5bef99a7-416e-4be2-8b2f-e7d31d4ea95e}</UniqueIdentifier>
    </Filter>
    <Filter Include="src\OutHoi4\ScriptedEffects">
      <UniqueIdentifier>{da28dca2-49e8-44d0-aea6-66d202fd64f4}</UniqueIdentifier>
    </Filter>
    <Filter Include="src\OutHoi4\ScriptedLocalisations">
      <UniqueIdentifier>{5630e428-dc97-4cde-8581-4ce7d3f6121f}</UniqueIdentifier>
    </Filter>
    <Filter Include="src\OutHoi4\ScriptedTriggers">
      <UniqueIdentifier>{56a7802f-9ddf-484a-961a-81e67a0b6fec}</UniqueIdentifier>
    </Filter>
    <Filter Include="src\OutHoi4\ShipTypes">
      <UniqueIdentifier>{1ad914f8-4b58-42de-b22a-c3d590d1e46a}</UniqueIdentifier>
    </Filter>
    <Filter Include="src\OutHoi4\Sounds">
      <UniqueIdentifier>{06959358-0cb9-4d6e-8888-f228105feced}</UniqueIdentifier>
    </Filter>
    <Filter Include="src\OutHoi4\States">
      <UniqueIdentifier>{aaacf2ab-34c1-498e-856b-29b723b41cb7}</UniqueIdentifier>
    </Filter>
    <Filter Include="src\OutHoi4\TankDesigns">
      <UniqueIdentifier>{313996c0-33d5-4df2-b981-d252bd75562a}</UniqueIdentifier>
    </Filter>
    <Filter Include="src\V2World">
      <UniqueIdentifier>{a4357e55-3e7d-43a8-8138-03b93220250d}</UniqueIdentifier>
    </Filter>
    <Filter Include="src\V2World\Ai">
      <UniqueIdentifier>{8256936e-5e0d-4840-b2d0-1a810dc0d7a5}</UniqueIdentifier>
    </Filter>
    <Filter Include="src\V2World\Countries">
      <UniqueIdentifier>{7629f823-59ef-4867-86d4-e321de89b944}</UniqueIdentifier>
    </Filter>
    <Filter Include="src\V2World\Culture">
      <UniqueIdentifier>{3c37af50-08b1-48cb-91b7-b5df1fa250c4}</UniqueIdentifier>
    </Filter>
    <Filter Include="src\V2World\Diplomacy">
      <UniqueIdentifier>{adfd55f4-6151-4fcb-b707-885be09f0e47}</UniqueIdentifier>
    </Filter>
    <Filter Include="src\V2World\EU4ToVic2Data">
      <UniqueIdentifier>{c323aa21-6405-4b13-89c9-871a36e739e6}</UniqueIdentifier>
    </Filter>
    <Filter Include="src\V2World\Issues">
      <UniqueIdentifier>{8c09aab7-4119-45f2-b3da-3b16d18034ab}</UniqueIdentifier>
    </Filter>
    <Filter Include="src\V2World\Localisations">
      <UniqueIdentifier>{1af39003-8bc9-41c9-97cc-410c08f3b722}</UniqueIdentifier>
    </Filter>
    <Filter Include="src\V2World\Map">
      <UniqueIdentifier>{0210248c-11cb-44d2-83c5-5ea3ce86db7a}</UniqueIdentifier>
    </Filter>
    <Filter Include="src\V2World\Military">
      <UniqueIdentifier>{935c68d6-1a0d-4552-9050-cdf2e33be748}</UniqueIdentifier>
    </Filter>
    <Filter Include="src\V2World\Military\Leaders">
      <UniqueIdentifier>{6ac97afc-9121-4dfa-88be-4de4835cf7f4}</UniqueIdentifier>
    </Filter>
    <Filter Include="src\V2World\Politics">
      <UniqueIdentifier>{d6d8df96-891d-400b-b67b-47c1f400725f}</UniqueIdentifier>
    </Filter>
    <Filter Include="src\V2World\Pops">
      <UniqueIdentifier>{19995a83-91da-40fd-bdbc-cd4b017baa17}</UniqueIdentifier>
    </Filter>
    <Filter Include="src\V2World\Provinces">
      <UniqueIdentifier>{4ae9c9cd-c9e4-45c1-9de4-d969ccf53a81}</UniqueIdentifier>
    </Filter>
    <Filter Include="src\V2World\States">
      <UniqueIdentifier>{6df027cd-3af8-4b51-8c59-3544a120edbc}</UniqueIdentifier>
    </Filter>
    <Filter Include="src\V2World\Stockpiles">
      <UniqueIdentifier>{b34908e2-9168-456c-a636-88eac38f7dc3}</UniqueIdentifier>
    </Filter>
    <Filter Include="src\V2World\Technology">
      <UniqueIdentifier>{d0f489cc-4dcc-4624-b49e-5f78399e3d9e}</UniqueIdentifier>
    </Filter>
    <Filter Include="src\V2World\Wars">
      <UniqueIdentifier>{7758fa10-21b3-4bfa-847b-de2d0830521b}</UniqueIdentifier>
    </Filter>
    <Filter Include="src\V2World\World">
      <UniqueIdentifier>{cb607dbc-ab92-40ad-bee6-dd7f7a6e45d7}</UniqueIdentifier>
    </Filter>
    <Filter Include="external\googletest">
      <UniqueIdentifier>{a4e8a1b0-764d-429e-aee3-81133db4d75e}</UniqueIdentifier>
    </Filter>
    <Filter Include="external\googletest\googlemock">
      <UniqueIdentifier>{bcd30f77-4afb-4e52-921e-8e42e5c31936}</UniqueIdentifier>
    </Filter>
    <Filter Include="external\googletest\googlemock\src">
      <UniqueIdentifier>{763920fc-108f-4246-bc84-fbe4b361f5f5}</UniqueIdentifier>
    </Filter>
    <Filter Include="external\googletest\googletest">
      <UniqueIdentifier>{2d994d67-7419-452b-922b-a1e3b1fb4dcd}</UniqueIdentifier>
    </Filter>
    <Filter Include="external\googletest\googletest\src">
      <UniqueIdentifier>{1f21c069-213e-49a7-acbe-024a9a218217}</UniqueIdentifier>
    </Filter>
    <Filter Include="data">
      <UniqueIdentifier>{b67a5cdd-d333-49c9-949f-4d5750620695}</UniqueIdentifier>
    </Filter>
    <Filter Include="data\test_files">
      <UniqueIdentifier>{de1e1a2f-5af4-4cae-b377-18f8ce42b8de}</UniqueIdentifier>
    </Filter>
    <Filter Include="data\test_files\Buildings">
      <UniqueIdentifier>{f259f2b0-a16a-4140-8420-943eeff24d84}</UniqueIdentifier>
    </Filter>
    <Filter Include="data\test_files\Countries">
      <UniqueIdentifier>{b57a0a33-1ac0-4736-b9ff-1cd14a14656b}</UniqueIdentifier>
    </Filter>
    <Filter Include="data\test_files\CountryNames">
      <UniqueIdentifier>{f259f2b0-a16a-4140-8420-943eeff24d84}</UniqueIdentifier>
    </Filter>
    <Filter Include="data\test_files\Cultures">
      <UniqueIdentifier>{f9da7e4e-4e52-4c04-a0c1-c9dbf7ddac12}</UniqueIdentifier>
    </Filter>
    <Filter Include="data\test_files\Factions">
      <UniqueIdentifier>{d8f1049d-c2b7-4be5-8d86-10836045f13b}</UniqueIdentifier>
    </Filter>
    <Filter Include="data\test_files\Factions\Goals">
      <UniqueIdentifier>{00c0c500-57c9-42d2-b3d6-12c3f7365614}</UniqueIdentifier>
    </Filter>
    <Filter Include="data\test_files\HoI4Files">
      <UniqueIdentifier>{3051bc43-2841-4651-8768-4b71cee9794a}</UniqueIdentifier>
    </Filter>
    <Filter Include="data\test_files\HoI4Files\Characters">
      <UniqueIdentifier>{8c39fcce-305f-4a65-a5ed-17a6c3545698}</UniqueIdentifier>
    </Filter>
    <Filter Include="data\test_files\HoI4Files\CountryCategories">
      <UniqueIdentifier>{2d31f3c1-b928-48fa-a971-3af7ddf9bcf5}</UniqueIdentifier>
    </Filter>
    <Filter Include="data\test_files\Issues">
      <UniqueIdentifier>{5f15dca8-d3e7-4633-8eb4-fe651fec3715}</UniqueIdentifier>
    </Filter>
    <Filter Include="data\test_files\Leaders">
      <UniqueIdentifier>{b5cae654-62f4-44fa-8f53-f9a51f24639a}</UniqueIdentifier>
    </Filter>
    <Filter Include="data\test_files\Localistations">
      <UniqueIdentifier>{9af4313e-288c-4c9c-b878-89140e82a79a}</UniqueIdentifier>
    </Filter>
    <Filter Include="data\test_files\World">
      <UniqueIdentifier>{5b35b687-24f0-4619-a18a-239de21b04fa}</UniqueIdentifier>
    </Filter>
    <Filter Include="data\test_files\Vic2Military">
      <UniqueIdentifier>{7bb9f30d-6061-45e7-8b68-19722a2de932}</UniqueIdentifier>
    </Filter>
    <Filter Include="data\test_files\Technology">
      <UniqueIdentifier>{a76015ec-b05c-4a70-962b-011ab46efb40}</UniqueIdentifier>
    </Filter>
    <Filter Include="data\test_files\Sounds">
      <UniqueIdentifier>{39b42aae-dee0-4d4c-82e5-367972aed47b}</UniqueIdentifier>
    </Filter>
    <Filter Include="data\test_files\ScriptedEffects">
      <UniqueIdentifier>{b4f66916-2bcb-41a1-9a27-e2fd66607965}</UniqueIdentifier>
    </Filter>
    <Filter Include="data\test_files\Mods">
      <UniqueIdentifier>{255ad4b3-2739-44bd-bff1-e462fa70c6df}</UniqueIdentifier>
    </Filter>
    <Filter Include="data\test_files\Maps">
      <UniqueIdentifier>{afc250e7-f9f8-426c-8026-0baf1832ac55}</UniqueIdentifier>
    </Filter>
    <Filter Include="data\test_files\Mappers">
      <UniqueIdentifier>{f128d030-674c-4180-a7ba-dc676a834561}</UniqueIdentifier>
    </Filter>
    <Filter Include="data\test_files\Mappers\Technology">
      <UniqueIdentifier>{aad5af90-c048-426c-87e3-6ba4cbe1281a}</UniqueIdentifier>
    </Filter>
    <Filter Include="data\test_files\Mappers\FlagsToIdeas">
      <UniqueIdentifier>{db8286f7-f3b8-4abe-852c-c68eca054173}</UniqueIdentifier>
    </Filter>
    <Filter Include="data\test_files\Mappers\Provinces">
      <UniqueIdentifier>{de357879-9c99-4ce0-887d-e1dbcf2fa99c}</UniqueIdentifier>
    </Filter>
    <Filter Include="data\test_files\Mappers\Country">
      <UniqueIdentifier>{0b677f95-f312-4a1a-94c3-fa7203f7f3a2}</UniqueIdentifier>
    </Filter>
    <Filter Include="data\test_files\Mappers\Ideology">
      <UniqueIdentifier>{4fccec2b-87d5-41a0-969f-d4483c3cba3b}</UniqueIdentifier>
    </Filter>
    <Filter Include="data\test_files\Mappers\Government">
      <UniqueIdentifier>{f1edaffd-2ee1-4b2a-bbc9-859bc2e6fa34}</UniqueIdentifier>
    </Filter>
    <Filter Include="data\test_files\Mappers\MergeRules">
      <UniqueIdentifier>{877cabb1-d8cf-4b8f-96db-17cddf7c97e5}</UniqueIdentifier>
    </Filter>
    <Filter Include="data\test_files\Mappers\Graphics">
      <UniqueIdentifier>{cee8fc55-67f7-4cbb-8589-93b2985d47d9}</UniqueIdentifier>
    </Filter>
    <Filter Include="data\test_files\Mappers\FactionName">
      <UniqueIdentifier>{cb2830a6-3fc3-443f-bbed-bb6a5612ee3b}</UniqueIdentifier>
    </Filter>
    <Filter Include="data\test_files\Mappers\CasusBelli">
      <UniqueIdentifier>{deb28b9b-ffe5-4178-a08b-c8fcc624cb89}</UniqueIdentifier>
    </Filter>
    <Filter Include="data\test_files\Vic2World">
      <UniqueIdentifier>{84046750-40c8-4338-a2cc-98fa563242c4}</UniqueIdentifier>
    </Filter>
    <Filter Include="data\test_files\Vic2World\EU4ToVic2Data">
      <UniqueIdentifier>{33a1fcff-c49d-4e1c-80b5-0bc49357bf9e}</UniqueIdentifier>
    </Filter>
    <Filter Include="data\test_files\Vic2World\Map">
      <UniqueIdentifier>{d233c4b9-7570-4cd1-ba23-9d2088973870}</UniqueIdentifier>
    </Filter>
    <Filter Include="src\HOI4World\Countries">
      <UniqueIdentifier>{17cb54ca-f511-4173-8ae5-60f5ee061978}</UniqueIdentifier>
    </Filter>
    <Filter Include="src\OutHoi4\Countries">
      <UniqueIdentifier>{32cc1680-e52b-4874-99bb-f3b76b4d500f}</UniqueIdentifier>
    </Filter>
    <Filter Include="src\HOI4World\PlaneDesigns">
      <UniqueIdentifier>{04a5113d-d240-4a46-984d-3ceb6d6fe9ba}</UniqueIdentifier>
    </Filter>
    <Filter Include="src\OutHoi4\PlaneDesigns">
      <UniqueIdentifier>{da183852-9b87-45a5-9fc7-3b5cdb10067a}</UniqueIdentifier>
    </Filter>
    <Filter Include="src\HOI4World\PeaceConferences">
      <UniqueIdentifier>{4b84c53e-467b-4287-9c01-daa9010411af}</UniqueIdentifier>
    </Filter>
    <Filter Include="src\OutHoi4\PeaceConferences">
      <UniqueIdentifier>{f4d1829e-8e81-48fc-b526-df423125c332}</UniqueIdentifier>
    </Filter>
    <Filter Include="data\test_files\Configurables">
      <UniqueIdentifier>{4d98c28c-f6eb-4dbb-a8e0-fd13de5021b4}</UniqueIdentifier>
    </Filter>
    <Filter Include="src\HOI4World\UnitMedals">
      <UniqueIdentifier>{2426867c-fb04-44ba-ba4b-fd6a0e375b0b}</UniqueIdentifier>
    </Filter>
    <Filter Include="src\OutHoi4\UnitMedals">
      <UniqueIdentifier>{93a5d9b2-c96c-4a7c-b214-da96fddc1d21}</UniqueIdentifier>
    </Filter>
    <Filter Include="src\HOI4World\FocusTrees">
      <UniqueIdentifier>{0f64a54e-5b9c-47ae-89cd-58afdec9b5cc}</UniqueIdentifier>
    </Filter>
    <Filter Include="src\HOI4World\Scorers">
      <UniqueIdentifier>{c7079fbb-9df6-467f-a26e-cbfcf59b89a3}</UniqueIdentifier>
    </Filter>
  </ItemGroup>
  <ItemGroup>
    <None Include="TestFiles\World\merge_nations.txt">
      <Filter>data\test_files\World</Filter>
    </None>
  </ItemGroup>
  <ItemGroup>
    <CopyFileToFolders Include="data\test_files\Countries\blankCommonCountryData.txt">
      <Filter>data\test_files\Countries</Filter>
    </CopyFileToFolders>
    <CopyFileToFolders Include="data\test_files\Countries\BlankTechnologyFile.txt">
      <Filter>data\test_files\Countries</Filter>
    </CopyFileToFolders>
    <CopyFileToFolders Include="data\test_files\Countries\BlankTraitsFile.txt">
      <Filter>data\test_files\Countries</Filter>
    </CopyFileToFolders>
    <CopyFileToFolders Include="data\test_files\Countries\CommonCountryTestData.txt">
      <Filter>data\test_files\Countries</Filter>
    </CopyFileToFolders>
    <CopyFileToFolders Include="data\test_files\Countries\CountryBlankCultures.txt">
      <Filter>data\test_files\Countries</Filter>
    </CopyFileToFolders>
    <CopyFileToFolders Include="data\test_files\Countries\TestCountryCultures.txt">
      <Filter>data\test_files\Countries</Filter>
    </CopyFileToFolders>
    <CopyFileToFolders Include="data\test_files\Countries\TestCountryOne.txt">
      <Filter>data\test_files\Countries</Filter>
    </CopyFileToFolders>
    <CopyFileToFolders Include="data\test_files\Countries\TestCountryTwo.txt">
      <Filter>data\test_files\Countries</Filter>
    </CopyFileToFolders>
    <CopyFileToFolders Include="data\test_files\Countries\TestTechnologyFile.txt">
      <Filter>data\test_files\Countries</Filter>
    </CopyFileToFolders>
    <CopyFileToFolders Include="data\test_files\Countries\VanillaCommonCountriesData.txt">
      <Filter>data\test_files\Countries</Filter>
    </CopyFileToFolders>
    <CopyFileToFolders Include="data\test_files\CountryNames\CountryNamesMappings.txt">
      <Filter>data\test_files\CountryNames</Filter>
    </CopyFileToFolders>
    <CopyFileToFolders Include="data\test_files\Cultures\BaseCultures.txt">
      <Filter>data\test_files\Cultures</Filter>
    </CopyFileToFolders>
    <CopyFileToFolders Include="data\test_files\Factions\Goals\faction_goals.txt">
      <Filter>data\test_files\Factions\Goals</Filter>
    </CopyFileToFolders>
    <CopyFileToFolders Include="data\test_files\HoI4Files\CountryCategories\CountryGrammar.txt">
      <Filter>data\test_files\HoI4Files\CountryCategories</Filter>
    </CopyFileToFolders>
    <CopyFileToFolders Include="data\test_files\HoI4Files\Characters\ImportCharacters.txt">
      <Filter>data\test_files\HoI4Files\Characters</Filter>
    </CopyFileToFolders>
    <CopyFileToFolders Include="data\test_files\Issues\emptyIssues.txt">
      <Filter>data\test_files\Issues</Filter>
    </CopyFileToFolders>
    <CopyFileToFolders Include="data\test_files\Issues\issues.txt">
      <Filter>data\test_files\Issues</Filter>
    </CopyFileToFolders>
    <CopyFileToFolders Include="data\test_files\Leaders\HoI4CountryLeaders.txt">
      <Filter>data\test_files\Leaders</Filter>
    </CopyFileToFolders>
    <CopyFileToFolders Include="data\test_files\Localisations\ArticleRules.txt">
      <Filter>data\test_files\Localistations</Filter>
    </CopyFileToFolders>
    <CopyFileToFolders Include="data\test_files\Localisations\BaseLocalisations.txt">
      <Filter>data\test_files\Localistations</Filter>
    </CopyFileToFolders>
    <CopyFileToFolders Include="data\test_files\Localisations\ConverterLocalisations.txt">
      <Filter>data\test_files\Localistations</Filter>
    </CopyFileToFolders>
    <CopyFileToFolders Include="data\test_files\Localisations\EmptyLocalisations.txt">
      <Filter>data\test_files\Localistations</Filter>
    </CopyFileToFolders>
    <CopyFileToFolders Include="data\test_files\Localisations\grammar.txt">
      <Filter>data\test_files\Localistations</Filter>
    </CopyFileToFolders>
    <CopyFileToFolders Include="data\test_files\Localisations\ModLocalisations.txt">
      <Filter>data\test_files\Localistations</Filter>
    </CopyFileToFolders>
    <CopyFileToFolders Include="data\test_files\Localisations\StateCategories.txt">
      <Filter>data\test_files\Localistations</Filter>
    </CopyFileToFolders>
    <CopyFileToFolders Include="data\test_files\Mappers\CasusBelli\casus_bellis_mappings.txt">
      <Filter>data\test_files\Mappers\CasusBelli</Filter>
    </CopyFileToFolders>
    <CopyFileToFolders Include="data\test_files\Mappers\Country\country_mappings.txt">
      <Filter>data\test_files\Mappers\Country</Filter>
    </CopyFileToFolders>
    <CopyFileToFolders Include="data\test_files\Mappers\FactionName\factions_mappings.txt">
      <Filter>data\test_files\Mappers\FactionName</Filter>
    </CopyFileToFolders>
    <CopyFileToFolders Include="data\test_files\Mappers\FlagsToIdeas\FlagsToIdeasMappings.txt">
      <Filter>data\test_files\Mappers\FlagsToIdeas</Filter>
    </CopyFileToFolders>
    <CopyFileToFolders Include="data\test_files\Mappers\Government\GovernmentMappings.txt">
      <Filter>data\test_files\Mappers\Government</Filter>
    </CopyFileToFolders>
    <CopyFileToFolders Include="data\test_files\Mappers\Graphics\cultureGroupToGraphics.txt">
      <Filter>data\test_files\Mappers\Graphics</Filter>
    </CopyFileToFolders>
    <CopyFileToFolders Include="data\test_files\Mappers\Ideology\IdeologyMappings.txt">
      <Filter>data\test_files\Mappers\Ideology</Filter>
    </CopyFileToFolders>
    <CopyFileToFolders Include="data\test_files\Mappers\MergeRules\merge_nations.txt">
      <Filter>data\test_files\Mappers\MergeRules</Filter>
    </CopyFileToFolders>
    <CopyFileToFolders Include="data\test_files\Mappers\Provinces\bad_line_definition.csv">
      <Filter>data\test_files\Mappers\Provinces</Filter>
    </CopyFileToFolders>
    <CopyFileToFolders Include="data\test_files\Mappers\Provinces\empty_definition.csv">
      <Filter>data\test_files\Mappers\Provinces</Filter>
    </CopyFileToFolders>
    <CopyFileToFolders Include="data\test_files\Mappers\Provinces\good_definition.csv">
      <Filter>data\test_files\Mappers\Provinces</Filter>
    </CopyFileToFolders>
    <CopyFileToFolders Include="data\test_files\Mappers\Provinces\missing_definition.csv">
      <Filter>data\test_files\Mappers\Provinces</Filter>
    </CopyFileToFolders>
    <CopyFileToFolders Include="data\test_files\Mappers\Provinces\mod_province_mappings.txt">
      <Filter>data\test_files\Mappers\Provinces</Filter>
    </CopyFileToFolders>
    <CopyFileToFolders Include="data\test_files\Mappers\Provinces\vanilla_province_mappings.txt">
      <Filter>data\test_files\Mappers\Provinces</Filter>
    </CopyFileToFolders>
    <CopyFileToFolders Include="data\test_files\Mappers\Technology\research_bonus_mappings.txt">
      <Filter>data\test_files\Mappers\Technology</Filter>
    </CopyFileToFolders>
    <CopyFileToFolders Include="data\test_files\Mappers\Technology\tech_mappings.txt">
      <Filter>data\test_files\Mappers\Technology</Filter>
    </CopyFileToFolders>
    <CopyFileToFolders Include="data\test_files\Maps\adjacencies.csv">
      <Filter>data\test_files\Maps</Filter>
    </CopyFileToFolders>
    <CopyFileToFolders Include="data\test_files\Maps\adjacency_rules.txt">
      <Filter>data\test_files\Maps</Filter>
    </CopyFileToFolders>
    <CopyFileToFolders Include="data\test_files\Maps\nocsv.bmp">
      <Filter>data\test_files\Maps</Filter>
    </CopyFileToFolders>
    <CopyFileToFolders Include="data\test_files\Maps\provinces.bmp">
      <Filter>data\test_files\Maps</Filter>
    </CopyFileToFolders>
    <CopyFileToFolders Include="data\test_files\Mods\Dependencies.mod">
      <Filter>data\test_files\Mods</Filter>
    </CopyFileToFolders>
    <CopyFileToFolders Include="data\test_files\Mods\DependencyOne.mod">
      <Filter>data\test_files\Mods</Filter>
    </CopyFileToFolders>
    <CopyFileToFolders Include="data\test_files\Mods\DependencyTwo.mod">
      <Filter>data\test_files\Mods</Filter>
    </CopyFileToFolders>
    <CopyFileToFolders Include="data\test_files\Mods\Dependent.mod">
      <Filter>data\test_files\Mods</Filter>
    </CopyFileToFolders>
    <CopyFileToFolders Include="data\test_files\Mods\DirectoryMissing.mod">
      <Filter>data\test_files\Mods</Filter>
    </CopyFileToFolders>
    <CopyFileToFolders Include="data\test_files\Mods\DirectoryUnspecified.mod">
      <Filter>data\test_files\Mods</Filter>
    </CopyFileToFolders>
    <CopyFileToFolders Include="data\test_files\Mods\dummy.txt">
      <Filter>data\test_files\Mods</Filter>
    </CopyFileToFolders>
    <CopyFileToFolders Include="data\test_files\Mods\EmptyModFile.mod">
      <Filter>data\test_files\Mods</Filter>
    </CopyFileToFolders>
    <CopyFileToFolders Include="data\test_files\Mods\Test.mod">
      <Filter>data\test_files\Mods</Filter>
    </CopyFileToFolders>
    <CopyFileToFolders Include="data\test_files\ScriptedEffects\effects_file.txt">
      <Filter>data\test_files\ScriptedEffects</Filter>
    </CopyFileToFolders>
    <CopyFileToFolders Include="data\test_files\ScriptedEffects\empty_effects_file.txt">
      <Filter>data\test_files\ScriptedEffects</Filter>
    </CopyFileToFolders>
    <CopyFileToFolders Include="data\test_files\Sounds\CultureToVoiceMappings.txt">
      <Filter>data\test_files\Sounds</Filter>
    </CopyFileToFolders>
    <CopyFileToFolders Include="data\test_files\Technology\BaseGameTech1.txt">
      <Filter>data\test_files\Technology</Filter>
    </CopyFileToFolders>
    <CopyFileToFolders Include="data\test_files\Technology\BaseGameTech2.txt">
      <Filter>data\test_files\Technology</Filter>
    </CopyFileToFolders>
    <CopyFileToFolders Include="data\test_files\Technology\ModTech3.txt">
      <Filter>data\test_files\Technology</Filter>
    </CopyFileToFolders>
    <CopyFileToFolders Include="data\test_files\Technology\ModTech4.txt">
      <Filter>data\test_files\Technology</Filter>
    </CopyFileToFolders>
    <CopyFileToFolders Include="data\test_files\Technology\ModTechOverride1.txt">
      <Filter>data\test_files\Technology</Filter>
    </CopyFileToFolders>
    <CopyFileToFolders Include="data\test_files\Technology\ModTechOverride2.txt">
      <Filter>data\test_files\Technology</Filter>
    </CopyFileToFolders>
    <CopyFileToFolders Include="data\test_files\Vic2World\EU4ToVic2Data\botanical_expedition.txt">
      <Filter>data\test_files\Vic2World\EU4ToVic2Data</Filter>
    </CopyFileToFolders>
    <CopyFileToFolders Include="data\test_files\Vic2World\Map\definition.csv">
      <Filter>data\test_files\Vic2World\Map</Filter>
    </CopyFileToFolders>
    <CopyFileToFolders Include="data\test_files\Vic2Military\traits.txt">
      <Filter>data\test_files\Vic2Military</Filter>
    </CopyFileToFolders>
    <CopyFileToFolders Include="data\test_files\World\BAR.txt">
      <Filter>data\test_files\World</Filter>
    </CopyFileToFolders>
    <CopyFileToFolders Include="data\test_files\World\BlankWorld.v2">
      <Filter>data\test_files\World</Filter>
    </CopyFileToFolders>
    <CopyFileToFolders Include="data\test_files\World\BlankWorldProvinceAdjacencies.csv">
      <Filter>data\test_files\World</Filter>
    </CopyFileToFolders>
    <CopyFileToFolders Include="data\test_files\World\BlankWorldProvinceDefinitions.csv">
      <Filter>data\test_files\World</Filter>
    </CopyFileToFolders>
    <CopyFileToFolders Include="data\test_files\World\BlankWorldProvinces.bmp">
      <Filter>data\test_files\World</Filter>
    </CopyFileToFolders>
    <CopyFileToFolders Include="data\test_files\World\countries.txt">
      <Filter>data\test_files\World</Filter>
    </CopyFileToFolders>
    <CopyFileToFolders Include="data\test_files\World\DED.txt">
      <Filter>data\test_files\World</Filter>
    </CopyFileToFolders>
    <CopyFileToFolders Include="data\test_files\World\FOO.txt">
      <Filter>data\test_files\World</Filter>
    </CopyFileToFolders>
    <CopyFileToFolders Include="data\test_files\World\merge_countries.txt">
      <Filter>data\test_files\World</Filter>
    </CopyFileToFolders>
    <CopyFileToFolders Include="data\test_files\World\MergeWorld.v2">
      <Filter>data\test_files\World</Filter>
    </CopyFileToFolders>
    <CopyFileToFolders Include="data\test_files\World\MergeWorldProvinceAdjacencies.csv">
      <Filter>data\test_files\World</Filter>
    </CopyFileToFolders>
    <CopyFileToFolders Include="data\test_files\World\MergeWorldProvinceDefinitions.csv">
      <Filter>data\test_files\World</Filter>
    </CopyFileToFolders>
    <CopyFileToFolders Include="data\test_files\World\mergeWorldProvinces.bmp">
      <Filter>data\test_files\World</Filter>
    </CopyFileToFolders>
    <CopyFileToFolders Include="data\test_files\World\moveArmiesProvinceAdjacencies.csv">
      <Filter>data\test_files\World</Filter>
    </CopyFileToFolders>
    <CopyFileToFolders Include="data\test_files\World\moveArmiesProvinceDefinitions.csv">
      <Filter>data\test_files\World</Filter>
    </CopyFileToFolders>
    <CopyFileToFolders Include="data\test_files\World\moveArmiesProvinces.bmp">
      <Filter>data\test_files\World</Filter>
    </CopyFileToFolders>
    <CopyFileToFolders Include="data\test_files\World\MoveArmiesWorld.v2">
      <Filter>data\test_files\World</Filter>
    </CopyFileToFolders>
    <CopyFileToFolders Include="data\test_files\World\NON.txt">
      <Filter>data\test_files\World</Filter>
    </CopyFileToFolders>
    <CopyFileToFolders Include="data\test_files\World\NOT.txt">
      <Filter>data\test_files\World</Filter>
    </CopyFileToFolders>
    <CopyFileToFolders Include="data\test_files\World\ONE.txt">
      <Filter>data\test_files\World</Filter>
    </CopyFileToFolders>
    <CopyFileToFolders Include="data\test_files\World\region.txt">
      <Filter>data\test_files\World</Filter>
    </CopyFileToFolders>
    <CopyFileToFolders Include="data\test_files\World\resolveBattlesProvinceAdjacencies.csv">
      <Filter>data\test_files\World</Filter>
    </CopyFileToFolders>
    <CopyFileToFolders Include="data\test_files\World\resolvebattlesProvinceDefinitions.csv">
      <Filter>data\test_files\World</Filter>
    </CopyFileToFolders>
    <CopyFileToFolders Include="data\test_files\World\resolveBattlesProvinces.bmp">
      <Filter>data\test_files\World</Filter>
    </CopyFileToFolders>
    <CopyFileToFolders Include="data\test_files\World\ResolveBattlesWorld.v2">
      <Filter>data\test_files\World</Filter>
    </CopyFileToFolders>
    <CopyFileToFolders Include="data\test_files\World\test_localisations.txt">
      <Filter>data\test_files\World</Filter>
    </CopyFileToFolders>
    <CopyFileToFolders Include="data\test_files\World\TestWorld.v2">
      <Filter>data\test_files\World</Filter>
    </CopyFileToFolders>
    <CopyFileToFolders Include="data\test_files\World\TestWorldProvinceAdjacencies.csv">
      <Filter>data\test_files\World</Filter>
    </CopyFileToFolders>
    <CopyFileToFolders Include="data\test_files\World\TestWorldProvinceDefinitions.csv">
      <Filter>data\test_files\World</Filter>
    </CopyFileToFolders>
    <CopyFileToFolders Include="data\test_files\World\TestWorldProvinces.bmp">
      <Filter>data\test_files\World</Filter>
    </CopyFileToFolders>
    <CopyFileToFolders Include="data\test_files\World\TWO.txt">
      <Filter>data\test_files\World</Filter>
    </CopyFileToFolders>
    <CopyFileToFolders Include="data\test_files\blank_operative_codenames.txt">
      <Filter>data\test_files</Filter>
    </CopyFileToFolders>
    <CopyFileToFolders Include="data\test_files\definition.csv">
      <Filter>data\test_files</Filter>
    </CopyFileToFolders>
    <CopyFileToFolders Include="data\test_files\Buildings\01_landmark_buildings.txt">
      <Filter>data\test_files</Filter>
    </CopyFileToFolders>
    <CopyFileToFolders Include="data\test_files\Buildings\LandmarksMappings.txt">
      <Filter>data\test_files</Filter>
    </CopyFileToFolders>
    <CopyFileToFolders Include="data\test_files\GameRules.txt">
      <Filter>data\test_files</Filter>
    </CopyFileToFolders>
    <CopyFileToFolders Include="data\test_files\GameRulesEmpty.txt">
      <Filter>data\test_files</Filter>
    </CopyFileToFolders>
    <CopyFileToFolders Include="data\test_files\generic_opertive_codenames.txt">
      <Filter>data\test_files</Filter>
    </CopyFileToFolders>
    <CopyFileToFolders Include="data\test_files\HoI4">
      <Filter>data\test_files</Filter>
    </CopyFileToFolders>
    <CopyFileToFolders Include="data\test_files\HoI4.exe">
      <Filter>data\test_files</Filter>
    </CopyFileToFolders>
    <CopyFileToFolders Include="data\test_files\IntelligenceAgencyLogos.txt">
      <Filter>data\test_files</Filter>
    </CopyFileToFolders>
    <CopyFileToFolders Include="data\test_files\launcher-settings.json">
      <Filter>data\test_files</Filter>
    </CopyFileToFolders>
    <CopyFileToFolders Include="data\test_files\operations.txt">
      <Filter>data\test_files</Filter>
    </CopyFileToFolders>
    <CopyFileToFolders Include="data\test_files\OccupationLaws.txt">
      <Filter>data\test_files</Filter>
    </CopyFileToFolders>
    <CopyFileToFolders Include="data\test_files\OperativeNamesMappings.txt">
      <Filter>data\test_files</Filter>
    </CopyFileToFolders>
    <CopyFileToFolders Include="data\test_files\ReadMe.txt">
      <Filter>data\test_files</Filter>
    </CopyFileToFolders>
    <CopyFileToFolders Include="data\test_files\regions.txt">
      <Filter>data\test_files</Filter>
    </CopyFileToFolders>
    <CopyFileToFolders Include="data\test_files\Scorers.txt">
      <Filter>data\test_files</Filter>
    </CopyFileToFolders>
    <CopyFileToFolders Include="data\test_files\v2game">
      <Filter>data\test_files</Filter>
    </CopyFileToFolders>
    <CopyFileToFolders Include="data\test_files\v2game.exe">
      <Filter>data\test_files</Filter>
    </CopyFileToFolders>
    <CopyFileToFolders Include="data\test_files\v2gameMac">
      <Filter>data\test_files</Filter>
    </CopyFileToFolders>
    <CopyFileToFolders Include="data\test_files\v2gameMacApp">
      <Filter>data\test_files</Filter>
    </CopyFileToFolders>
    <CopyFileToFolders Include="data\test_files\v2gameMacOS">
      <Filter>data\test_files</Filter>
    </CopyFileToFolders>
    <CopyFileToFolders Include="data\test_files\vic2_mod_regions.txt">
      <Filter>data\test_files</Filter>
    </CopyFileToFolders>
    <CopyFileToFolders Include="data\test_files\vic2_vanilla_regions.txt">
      <Filter>data\test_files</Filter>
    </CopyFileToFolders>
    <CopyFileToFolders Include="data\test_files\Configurables\ideological_ai_peace.txt">
      <Filter>data\test_files\Configurables</Filter>
    </CopyFileToFolders>
    <CopyFileToFolders Include="data\test_files\Configurables\ideological_cost_modifiers.txt">
      <Filter>data\test_files\Configurables</Filter>
    </CopyFileToFolders>
    <CopyFileToFolders Include="data\test_files\Configurables\ideological_unit_medals.txt">
      <Filter>data\test_files\Configurables</Filter>
    </CopyFileToFolders>
    <CopyFileToFolders Include="data/test_files/Buildings/01_landmark_buildings.txt" />
    <CopyFileToFolders Include="data/test_files/Buildings/LandmarksMappings.txt" />
    <CopyFileToFolders Include="data/test_files/FocusTrees/test_adjusted_branch.txt">
      <Filter>data\test_files\FocusTrees</Filter>
    </CopyFileToFolders>
    <CopyFileToFolders Include="data/test_files/FocusTrees/test_adjusted_branch_characters.txt">
      <Filter>data\test_files\FocusTrees</Filter>
    </CopyFileToFolders>
    <CopyFileToFolders Include="data/test_files/FocusTrees/test_adjusted_branch_ideas.txt">
      <Filter>data\test_files\FocusTrees</Filter>
    </CopyFileToFolders>
  </ItemGroup>
</Project>