
Microsoft Visual Studio Solution File, Format Version 12.00
# Visual Studio Version 17
VisualStudioVersion = 17.1.32407.343
MinimumVisualStudioVersion = 10.0.40219.1
Project("{8BC9CEB8-8B4A-11D0-8D11-00A0C91BC942}") = "Vic2ToHoI4", "Vic2ToHoI4.vcxproj", "{F5433A7A-723C-4E55-AC01-9D146820C7B4}"
	ProjectSection(ProjectDependencies) = postProject
		{095FC941-B5E2-4439-88D9-587E2029CB68} = {095FC941-B5E2-4439-88D9-587E2029CB68}
		{7EB32F98-C78D-43AF-A296-09492E80B1CB} = {7EB32F98-C78D-43AF-A296-09492E80B1CB}
		{D4E43E3D-E131-466D-9AA7-704C2298EACC} = {D4E43E3D-E131-466D-9AA7-704C2298EACC}
	EndProjectSection
EndProject
Project("{8BC9CEB8-8B4A-11D0-8D11-00A0C91BC942}") = "Vic2ToHoI4Tests", "Vic2ToHoI4Tests.vcxproj", "{A302CB0C-8DE3-4CBD-A974-282C1C7AE62D}"
	ProjectSection(ProjectDependencies) = postProject
		{095FC941-B5E2-4439-88D9-587E2029CB68} = {095FC941-B5E2-4439-88D9-587E2029CB68}
		{7EB32F98-C78D-43AF-A296-09492E80B1CB} = {7EB32F98-C78D-43AF-A296-09492E80B1CB}
		{D4E43E3D-E131-466D-9AA7-704C2298EACC} = {D4E43E3D-E131-466D-9AA7-704C2298EACC}
	EndProjectSection
EndProject
Project("{8BC9CEB8-8B4A-11D0-8D11-00A0C91BC942}") = "Fronter", "external\Fronter\Fronter.vcxproj", "{D4E43E3D-E131-466D-9AA7-704C2298EACC}"
	ProjectSection(ProjectDependencies) = postProject
		{3B8EC8C8-4066-46F7-851D-EB762C39C140} = {3B8EC8C8-4066-46F7-851D-EB762C39C140}
	EndProjectSection
EndProject
Project("{8BC9CEB8-8B4A-11D0-8D11-00A0C91BC942}") = "pch", "external\common_items\pch\pch.vcxproj", "{095FC941-B5E2-4439-88D9-587E2029CB68}"
EndProject
Project("{8BC9CEB8-8B4A-11D0-8D11-00A0C91BC942}") = "CommonItems", "external\common_items\CommonItems\CommonItems.vcxproj", "{3B8EC8C8-4066-46F7-851D-EB762C39C140}"
EndProject
Project("{8BC9CEB8-8B4A-11D0-8D11-00A0C91BC942}") = "Vic2ToHoI4lib", "Vic2ToHoI4lib.vcxproj", "{7EB32F98-C78D-43AF-A296-09492E80B1CB}"
	ProjectSection(ProjectDependencies) = postProject
		{095FC941-B5E2-4439-88D9-587E2029CB68} = {095FC941-B5E2-4439-88D9-587E2029CB68}
		{3B8EC8C8-4066-46F7-851D-EB762C39C140} = {3B8EC8C8-4066-46F7-851D-EB762C39C140}
	EndProjectSection
EndProject
Global
	GlobalSection(SolutionConfigurationPlatforms) = preSolution
		Release|x64 = Release|x64
	EndGlobalSection
	GlobalSection(ProjectConfigurationPlatforms) = postSolution
		{F5433A7A-723C-4E55-AC01-9D146820C7B4}.Release|x64.ActiveCfg = Release|x64
		{F5433A7A-723C-4E55-AC01-9D146820C7B4}.Release|x64.Build.0 = Release|x64
		{A302CB0C-8DE3-4CBD-A974-282C1C7AE62D}.Release|x64.ActiveCfg = Release|x64
		{A302CB0C-8DE3-4CBD-A974-282C1C7AE62D}.Release|x64.Build.0 = Release|x64
		{D4E43E3D-E131-466D-9AA7-704C2298EACC}.Release|x64.ActiveCfg = Release|x64
		{D4E43E3D-E131-466D-9AA7-704C2298EACC}.Release|x64.Build.0 = Release|x64
		{095FC941-B5E2-4439-88D9-587E2029CB68}.Release|x64.ActiveCfg = Release|x64
		{095FC941-B5E2-4439-88D9-587E2029CB68}.Release|x64.Build.0 = Release|x64
		{3B8EC8C8-4066-46F7-851D-EB762C39C140}.Release|x64.ActiveCfg = Release|x64
		{3B8EC8C8-4066-46F7-851D-EB762C39C140}.Release|x64.Build.0 = Release|x64
		{7EB32F98-C78D-43AF-A296-09492E80B1CB}.Release|x64.ActiveCfg = Release|x64
		{7EB32F98-C78D-43AF-A296-09492E80B1CB}.Release|x64.Build.0 = Release|x64
	EndGlobalSection
	GlobalSection(SolutionProperties) = preSolution
		HideSolutionNode = FALSE
	EndGlobalSection
	GlobalSection(ExtensibilityGlobals) = postSolution
		SolutionGuid = {83C432E8-8577-4BB1-8E01-6C6157250FA7}
	EndGlobalSection
EndGlobal
