<?xml version="1.0" encoding="utf-8"?>
<Project ToolsVersion="4.0" xmlns="http://schemas.microsoft.com/developer/msbuild/2003">
  <ItemGroup>
    <ClCompile Include="src\main.cpp">
      <Filter>src</Filter>
    </ClCompile>
  </ItemGroup>
  <ItemGroup>
    <CopyFileToFolders Include="data\configuration-example.txt">
      <Filter>data</Filter>
    </CopyFileToFolders>
    <CopyFileToFolders Include="data\FAQ.txt">
      <Filter>data</Filter>
    </CopyFileToFolders>
    <CopyFileToFolders Include="data\license.txt">
      <Filter>data</Filter>
    </CopyFileToFolders>
    <CopyFileToFolders Include="data\ReadMe.txt">
      <Filter>data</Filter>
    </CopyFileToFolders>
    <CopyFileToFolders Include="data\version.txt">
      <Filter>data</Filter>
    </CopyFileToFolders>
  </ItemGroup>
  <ItemGroup>
    <None Include="data\configurables\Vic2Localisations\dominions.csv">
      <Filter>data\configurables\Vic2Localisations</Filter>
    </None>
    <None Include="data\configurables\Vic2Localisations\unrecognized_nations.csv">
      <Filter>data\configurables\Vic2Localisations</Filter>
    </None>
    <None Include="data\configurables\Vic2Localisations\Vic2Localisations.csv">
      <Filter>data\configurables\Vic2Localisations</Filter>
    </None>
    <None Include="data\fronter\configuration_l_english.yml">
      <Filter>data\fronter</Filter>
    </None>
    <None Include="data\fronter\configuration_l_french.yml">
      <Filter>data\fronter</Filter>
    </None>
    <None Include="data\fronter\configuration_l_german.yml">
      <Filter>data\fronter</Filter>
    </None>
    <None Include="data\fronter\configuration_l_italian.yml">
      <Filter>data\fronter</Filter>
    </None>
    <None Include="data\fronter\configuration_l_latin.yml">
      <Filter>data\fronter</Filter>
    </None>
    <None Include="data\fronter\configuration_l_russian.yml">
      <Filter>data\fronter</Filter>
    </None>
    <None Include="data\fronter\options_l_english.yml">
      <Filter>data\fronter</Filter>
    </None>
    <None Include="data\fronter\options_l_french.yml">
      <Filter>data\fronter</Filter>
    </None>
    <None Include="data\fronter\options_l_german.yml">
      <Filter>data\fronter</Filter>
    </None>
    <None Include="data\fronter\options_l_italian.yml">
      <Filter>data\fronter</Filter>
    </None>
    <None Include="data\fronter\options_l_latin.yml">
      <Filter>data\fronter</Filter>
    </None>
    <None Include="data\fronter\options_l_russian.yml">
      <Filter>data\fronter</Filter>
    </None>
    <None Include="data\!provincenames_l_english.yml">
      <Filter>data</Filter>
    </None>
  </ItemGroup>
  <ItemGroup>
    <Text Include="data\configurables\ai_peaces.txt">
      <Filter>data\configurables</Filter>
    </Text>
    <Text Include="data\configurables\casus_bellis_mappings.txt">
      <Filter>data\configurables</Filter>
    </Text>
    <Text Include="data\configurables\CodenamesOperatives\arabic_operative_codenames.txt">
      <Filter>data\configurables\CodenamesOperatives</Filter>
    </Text>
    <Text Include="data\configurables\CodenamesOperatives\CZE_operative_codenames.txt">
      <Filter>data\configurables\CodenamesOperatives</Filter>
    </Text>
    <Text Include="data\configurables\CodenamesOperatives\ENG_operative_codenames.txt">
      <Filter>data\configurables\CodenamesOperatives</Filter>
    </Text>
    <Text Include="data\configurables\CodenamesOperatives\EST_operative_codenames.txt">
      <Filter>data\configurables\CodenamesOperatives</Filter>
    </Text>
    <Text Include="data\configurables\CodenamesOperatives\GRE_operative_codenames.txt">
      <Filter>data\configurables\CodenamesOperatives</Filter>
    </Text>
    <Text Include="data\configurables\CodenamesOperatives\HUN_operative_codenames.txt">
      <Filter>data\configurables\CodenamesOperatives</Filter>
    </Text>
    <Text Include="data\configurables\CodenamesOperatives\LAT_operative_codenames.txt">
      <Filter>data\configurables\CodenamesOperatives</Filter>
    </Text>
    <Text Include="data\configurables\CodenamesOperatives\NOR_opertive_codenames.txt">
      <Filter>data\configurables\CodenamesOperatives</Filter>
    </Text>
    <Text Include="data\configurables\CodenamesOperatives\RME_operative_codenames.txt">
      <Filter>data\configurables\CodenamesOperatives</Filter>
    </Text>
    <Text Include="data\configurables\CodenamesOperatives\SIA_opertive_codenames.txt">
      <Filter>data\configurables\CodenamesOperatives</Filter>
    </Text>
    <Text Include="data\configurables\CodenamesOperatives\SOV_operative_codenames.txt">
      <Filter>data\configurables\CodenamesOperatives</Filter>
    </Text>
    <Text Include="data\configurables\CodenamesOperatives\SWE_opertive_codenames.txt">
      <Filter>data\configurables\CodenamesOperatives</Filter>
    </Text>
    <Text Include="data\configurables\CodenamesOperatives\TUR_operative_codenames.txt">
      <Filter>data\configurables\CodenamesOperatives</Filter>
    </Text>
    <Text Include="data\configurables\AdjustedFocusBranches\FRA_begin_rearmament_characters.txt">
      <Filter>data\configurables\AdjustedFocusBranches</Filter>
    </Text>
    <Text Include="data\configurables\AdjustedFocusBranches\FRA_begin_rearmament.txt">
      <Filter>data\configurables\AdjustedFocusBranches</Filter>
    </Text>
    <Text Include="data\configurables\AdjustedFocusBranches\FRA_begin_rearmament_ideas.txt">
      <Filter>data\configurables\AdjustedFocusBranches</Filter>
    </Text>
    <Text Include="data\configurables\AdjustedFocusBranches\uk_colonial_focus.txt">
      <Filter>data\configurables\AdjustedFocusBranches</Filter>
    </Text>
    <Text Include="data\configurables\AdjustedFocusBranches\uk_colonial_focus_ideas.txt">
      <Filter>data\configurables\AdjustedFocusBranches</Filter>
    </Text>
    <Text Include="data\configurables\Localisations\ArticleRules.txt">
      <Filter>data\configurables\Localisations</Filter>
    </Text>
    <Text Include="data\configurables\Localisations\StateCategories.txt">
      <Filter>data\configurables\Localisations</Filter>
    </Text>
    <Text Include="data\configurables\Map\regions.txt">
      <Filter>data\configurables\Maps</Filter>
    </Text>
    <Text Include="data\configurables\Sounds\CultureToVoiceMappings.txt">
      <Filter>data\configurables\Sounds</Filter>
    </Text>
    <Text Include="data\configurables\converterDynamicModifiers.txt">
      <Filter>data\configurables</Filter>
    </Text>
    <Text Include="data\configurables\converterFocuses.txt">
      <Filter>data\configurables</Filter>
    </Text>
    <Text Include="data\configurables\converterIdeas.txt">
      <Filter>data\configurables</Filter>
    </Text>
    <Text Include="data\configurables\converterIdeologies.txt">
      <Filter>data\configurables</Filter>
    </Text>
    <Text Include="data\configurables\converterLeaderTraits.txt">
      <Filter>data\configurables</Filter>
    </Text>
    <Text Include="data\configurables\country_mappings.txt">
      <Filter>data\configurables</Filter>
    </Text>
    <Text Include="data\configurables\CountryGrammar.txt">
      <Filter>data\configurables</Filter>
    </Text>
    <Text Include="data\configurables\CountryNamesMappings.txt">
      <Filter>data\configurables</Filter>
    </Text>
    <Text Include="data\configurables\cultureGroupToGraphics.txt">
      <Filter>data\configurables</Filter>
    </Text>
    <Text Include="data\configurables\factions_mappings.txt">
      <Filter>data\configurables</Filter>
    </Text>
    <Text Include="data\configurables\FlagsToIdeasMappings.txt">
      <Filter>data\configurables</Filter>
    </Text>
    <Text Include="data\configurables\foreignInfluenceDecisions.txt">
      <Filter>data\configurables</Filter>
    </Text>
    <Text Include="data\configurables\GovernmentMappings.txt">
      <Filter>data\configurables</Filter>
    </Text>
    <Text Include="data\configurables\grammar.txt">
      <Filter>data\configurables</Filter>
    </Text>
    <Text Include="data\configurables\Greater Flavor Mod_province_mappings.txt">
      <Filter>data\configurables</Filter>
    </Text>
    <Text Include="data\configurables\Historical Flavour Mod v1.27I_province_mappings.txt">
      <Filter>data\configurables</Filter>
    </Text>
    <Text Include="data\configurables\Historical Project Mod 0.4.6_province_mappings.txt">
      <Filter>data\configurables</Filter>
    </Text>
    <Text Include="data\configurables\ideologicalAdvisors.txt">
      <Filter>data\configurables</Filter>
    </Text>
    <Text Include="data\configurables\ideologicalDecisions.txt">
      <Filter>data\configurables</Filter>
    </Text>
    <Text Include="data\configurables\ideologicalIdeas.txt">
      <Filter>data\configurables</Filter>
    </Text>
    <Text Include="data\configurables\IdeologyMappings.txt">
      <Filter>data\configurables</Filter>
    </Text>
    <Text Include="data\configurables\ImportCharacters.txt">
      <Filter>data\configurables</Filter>
    </Text>
    <Text Include="data\configurables\IntelligenceAgencyLogos.txt">
      <Filter>data\configurables</Filter>
    </Text>
    <Text Include="data\configurables\LandmarksMappings.txt">
      <Filter>data\configurables</Filter>
    </Text>
    <Text Include="data\configurables\languageReplacements.txt">
      <Filter>data\configurables</Filter>
    </Text>
    <Text Include="data\configurables\languageReplacementsBis.txt">
      <Filter>data\configurables</Filter>
    </Text>
    <Text Include="data\configurables\merge_nations.txt">
      <Filter>data\configurables</Filter>
    </Text>
    <Text Include="data\configurables\names.txt">
      <Filter>data\configurables</Filter>
    </Text>
    <Text Include="data\configurables\OperativeNamesMappings.txt">
      <Filter>data\configurables</Filter>
    </Text>
    <Text Include="data\configurables\positions.txt">
      <Filter>data\configurables</Filter>
    </Text>
    <Text Include="data\configurables\province_mappings.txt">
      <Filter>data\configurables</Filter>
    </Text>
    <Text Include="data\configurables\research_bonus_mappings.txt">
      <Filter>data\configurables</Filter>
    </Text>
    <Text Include="data\configurables\Resources.txt">
      <Filter>data\configurables</Filter>
    </Text>
    <Text Include="data\configurables\shipTypes.txt">
      <Filter>data\configurables</Filter>
    </Text>
    <Text Include="data\configurables\tankDesigns.txt">
      <Filter>data\configurables</Filter>
    </Text>
    <Text Include="data\configurables\tech_mappings.txt">
      <Filter>data\configurables</Filter>
    </Text>
    <Text Include="data\configurables\The Concert of Europe_province_mappings.txt">
      <Filter>data\configurables</Filter>
    </Text>
    <Text Include="data\configurables\unit_mappings.txt">
      <Filter>data\configurables</Filter>
    </Text>
    <Text Include="data\fronter\fronter-configuration.txt">
      <Filter>data\fronter</Filter>
    </Text>
    <Text Include="data\fronter\fronter-options.txt">
      <Filter>data\fronter</Filter>
    </Text>
    <Text Include="data\configurables\ideological_unit_medals.txt">
      <Filter>data\configurables</Filter>
    </Text>
  </ItemGroup>
  <ItemGroup>
    <Filter Include="src">
      <UniqueIdentifier>{f20b0ff2-6b7d-44a8-83d5-d0bc2c409ed1}</UniqueIdentifier>
    </Filter>
    <Filter Include="data">
      <UniqueIdentifier>{b7d0b467-df85-40eb-ba73-4228bb54dfca}</UniqueIdentifier>
    </Filter>
    <Filter Include="data\configurables">
      <UniqueIdentifier>{05246138-daba-4905-a099-758e7d1828d8}</UniqueIdentifier>
    </Filter>
    <Filter Include="data\configurables\CodenamesOperatives">
      <UniqueIdentifier>{5993b470-c8a3-47df-ba4d-1ac794e89d95}</UniqueIdentifier>
    </Filter>
    <Filter Include="data\configurables\AdjustedFocusBranches">
      <UniqueIdentifier>{87a15561-4887-4b98-b267-a6e955f1ff97}</UniqueIdentifier>
    </Filter>
    <Filter Include="data\configurables\Localisations">
      <UniqueIdentifier>{7afc3f14-1f75-4a9c-ae85-c805a8aa13b0}</UniqueIdentifier>
    </Filter>
    <Filter Include="data\configurables\Maps">
      <UniqueIdentifier>{ac20a6d0-b250-42dc-b8e3-8eafc913d43b}</UniqueIdentifier>
    </Filter>
    <Filter Include="data\configurables\Sounds">
      <UniqueIdentifier>{cd87ba41-9e58-4e5a-b610-b7a8df83a0a0}</UniqueIdentifier>
    </Filter>
    <Filter Include="data\configurables\Vic2Localisations">
      <UniqueIdentifier>{afb542c8-dfa2-43c6-a610-038cce22f5f3}</UniqueIdentifier>
    </Filter>
    <Filter Include="data\fronter">
      <UniqueIdentifier>{062d2133-8d7f-45bc-9e42-30917afe65b0}</UniqueIdentifier>
    </Filter>
  </ItemGroup>
</Project>